
Microsoft Visual Studio Solution File, Format Version 12.00
# Visual Studio Version 17
VisualStudioVersion = 17.3.32929.385
MinimumVisualStudioVersion = 10.0.40219.1
Project("{FAE04EC0-301F-11D3-BF4B-00C04F79EFBC}") = "UniFeeder.NET", "UniFeeder.NET.csproj", "{A06B8827-130A-4795-8BEF-2B31C487D585}"
EndProject
Global
	GlobalSection(SolutionConfigurationPlatforms) = preSolution
		Debug|x64 = Debug|x64
		Release|x64 = Release|x64
	EndGlobalSection
	GlobalSection(ProjectConfigurationPlatforms) = postSolution
		{A06B8827-130A-4795-8BEF-2B31C487D585}.Debug|x64.ActiveCfg = Debug|x64
		{A06B8827-130A-4795-8BEF-2B31C487D585}.Debug|x64.Build.0 = Debug|x64
		{A06B8827-130A-4795-8BEF-2B31C487D585}.Release|x64.ActiveCfg = Release|x64
		{A06B8827-130A-4795-8BEF-2B31C487D585}.Release|x64.Build.0 = Release|x64
	EndGlobalSection
	GlobalSection(SolutionProperties) = preSolution
		HideSolutionNode = FALSE
	EndGlobalSection
	GlobalSection(ExtensibilityGlobals) = postSolution
		SolutionGuid = {06BDBF04-5E05-499F-91AA-C6B6F9C3C13A}
	EndGlobalSection
EndGlobal
