
Microsoft Visual Studio Solution File, Format Version 12.00
# Visual Studio Version 17
VisualStudioVersion = 17.3.32929.385
MinimumVisualStudioVersion = 10.0.40219.1
Project("{8BC9CEB8-8B4A-11D0-8D11-00A0C91BC942}") = "Capital.Standard.Reports", "Capital.Standard.Reports.vcxproj", "{EEFFA5EB-D268-4BD9-80E6-7C6EC703CC7E}"
EndProject
Global
	GlobalSection(SolutionConfigurationPlatforms) = preSolution
		AVX|ARM64 = AVX|ARM64
		AVX|x64 = AVX|x64
		AVX2|ARM64 = AVX2|ARM64
		AVX2|x64 = AVX2|x64
		Debug|ARM64 = Debug|ARM64
		Debug|x64 = Debug|x64
		Release|ARM64 = Release|ARM64
		Release|x64 = Release|x64
	EndGlobalSection
	GlobalSection(ProjectConfigurationPlatforms) = postSolution
		{EEFFA5EB-D268-4BD9-80E6-7C6EC703CC7E}.AVX|ARM64.ActiveCfg = AVX|ARM64
		{EEFFA5EB-D268-4BD9-80E6-7C6EC703CC7E}.AVX|ARM64.Build.0 = AVX|ARM64
		{EEFFA5EB-D268-4BD9-80E6-7C6EC703CC7E}.AVX|x64.ActiveCfg = AVX|ARM64
		{EEFFA5EB-D268-4BD9-80E6-7C6EC703CC7E}.AVX|x64.Build.0 = AVX|ARM64
		{EEFFA5EB-D268-4BD9-80E6-7C6EC703CC7E}.AVX2|ARM64.ActiveCfg = AVX2|ARM64
		{EEFFA5EB-D268-4BD9-80E6-7C6EC703CC7E}.AVX2|ARM64.Build.0 = AVX2|ARM64
		{EEFFA5EB-D268-4BD9-80E6-7C6EC703CC7E}.AVX2|x64.ActiveCfg = AVX2|x64
		{EEFFA5EB-D268-4BD9-80E6-7C6EC703CC7E}.AVX2|x64.Build.0 = AVX2|x64
		{EEFFA5EB-D268-4BD9-80E6-7C6EC703CC7E}.Debug|ARM64.ActiveCfg = Debug|ARM64
		{EEFFA5EB-D268-4BD9-80E6-7C6EC703CC7E}.Debug|ARM64.Build.0 = Debug|ARM64
		{EEFFA5EB-D268-4BD9-80E6-7C6EC703CC7E}.Debug|x64.ActiveCfg = Debug|x64
		{EEFFA5EB-D268-4BD9-80E6-7C6EC703CC7E}.Debug|x64.Build.0 = Debug|x64
		{EEFFA5EB-D268-4BD9-80E6-7C6EC703CC7E}.Release|ARM64.ActiveCfg = Release|ARM64
		{EEFFA5EB-D268-4BD9-80E6-7C6EC703CC7E}.Release|ARM64.Build.0 = Release|ARM64
		{EEFFA5EB-D268-4BD9-80E6-7C6EC703CC7E}.Release|x64.ActiveCfg = Release|x64
		{EEFFA5EB-D268-4BD9-80E6-7C6EC703CC7E}.Release|x64.Build.0 = Release|x64
	EndGlobalSection
	GlobalSection(SolutionProperties) = preSolution
		HideSolutionNode = FALSE
	EndGlobalSection
	GlobalSection(ExtensibilityGlobals) = postSolution
		SolutionGuid = {3445512A-E1BC-45F1-BE34-7E4B31D5541F}
	EndGlobalSection
EndGlobal
