
Microsoft Visual Studio Solution File, Format Version 12.00
# Visual Studio Version 17
VisualStudioVersion = 17.3.32929.385
MinimumVisualStudioVersion = 10.0.40219.1
Project("{8BC9CEB8-8B4A-11D0-8D11-00A0C91BC942}") = "APIExtension", "APIExtension.vcxproj", "{50BB9204-6C89-4083-A80B-F12B3853885B}"
EndProject
Global
	GlobalSection(SolutionConfigurationPlatforms) = preSolution
		AVX|ARM64 = AVX|ARM64
		AVX|x64 = AVX|x64
		AVX2|ARM64 = AVX2|ARM64
		AVX2|x64 = AVX2|x64
		Debug|ARM64 = Debug|ARM64
		Debug|x64 = Debug|x64
		Release|ARM64 = Release|ARM64
		Release|x64 = Release|x64
	EndGlobalSection
	GlobalSection(ProjectConfigurationPlatforms) = postSolution
		{50BB9204-6C89-4083-A80B-F12B3853885B}.AVX|ARM64.ActiveCfg = AVX|ARM64
		{50BB9204-6C89-4083-A80B-F12B3853885B}.AVX|ARM64.Build.0 = AVX|ARM64
		{50BB9204-6C89-4083-A80B-F12B3853885B}.AVX|x64.ActiveCfg = AVX|ARM64
		{50BB9204-6C89-4083-A80B-F12B3853885B}.AVX|x64.Build.0 = AVX|ARM64
		{50BB9204-6C89-4083-A80B-F12B3853885B}.AVX2|ARM64.ActiveCfg = AVX2|ARM64
		{50BB9204-6C89-4083-A80B-F12B3853885B}.AVX2|ARM64.Build.0 = AVX2|ARM64
		{50BB9204-6C89-4083-A80B-F12B3853885B}.AVX2|x64.ActiveCfg = AVX2|x64
		{50BB9204-6C89-4083-A80B-F12B3853885B}.AVX2|x64.Build.0 = AVX2|x64
		{50BB9204-6C89-4083-A80B-F12B3853885B}.Debug|ARM64.ActiveCfg = Debug|ARM64
		{50BB9204-6C89-4083-A80B-F12B3853885B}.Debug|ARM64.Build.0 = Debug|ARM64
		{50BB9204-6C89-4083-A80B-F12B3853885B}.Debug|x64.ActiveCfg = Debug|x64
		{50BB9204-6C89-4083-A80B-F12B3853885B}.Debug|x64.Build.0 = Debug|x64
		{50BB9204-6C89-4083-A80B-F12B3853885B}.Release|ARM64.ActiveCfg = Release|ARM64
		{50BB9204-6C89-4083-A80B-F12B3853885B}.Release|ARM64.Build.0 = Release|ARM64
		{50BB9204-6C89-4083-A80B-F12B3853885B}.Release|x64.ActiveCfg = Release|x64
		{50BB9204-6C89-4083-A80B-F12B3853885B}.Release|x64.Build.0 = Release|x64
	EndGlobalSection
	GlobalSection(SolutionProperties) = preSolution
		HideSolutionNode = FALSE
	EndGlobalSection
	GlobalSection(ExtensibilityGlobals) = postSolution
		SolutionGuid = {09E07111-339C-4BB0-87D0-F2AE7F5315CC}
	EndGlobalSection
EndGlobal
