
Microsoft Visual Studio Solution File, Format Version 12.00
# Visual Studio Version 17
Project("{FAE04EC0-301F-11D3-BF4B-00C04F79EFBC}") = "WebTrader", "WebTrader.csproj", "{D0FC90EA-67BF-4274-8CC2-E47BAC105141}"
EndProject
Global
	GlobalSection(SolutionConfigurationPlatforms) = preSolution
		Debug|Any CPU = Debug|Any CPU
		Release|Any CPU = Release|Any CPU
	EndGlobalSection
	GlobalSection(ProjectConfigurationPlatforms) = postSolution
		{D0FC90EA-67BF-4274-8CC2-E47BAC105141}.Debug|Any CPU.ActiveCfg = Debug|Any CPU
		{D0FC90EA-67BF-4274-8CC2-E47BAC105141}.Debug|Any CPU.Build.0 = Debug|Any CPU
		{D0FC90EA-67BF-4274-8CC2-E47BAC105141}.Release|Any CPU.ActiveCfg = Release|Any CPU
		{D0FC90EA-67BF-4274-8CC2-E47BAC105141}.Release|Any CPU.Build.0 = Release|Any CPU
	EndGlobalSection
	GlobalSection(SolutionProperties) = preSolution
		HideSolutionNode = FALSE
	EndGlobalSection
EndGlobal
