Microsoft Visual Studio Solution File, Format Version 12.00
# Visual Studio Version 17
VisualStudioVersion = 17.3.32929.385
MinimumVisualStudioVersion = 10.0.40219.1
Project("{8BC9CEB8-8B4A-11D0-8D11-00A0C91BC942}") = "SampleExchange", "Gateway\SampleExchange\SampleExchange.vcxproj", "{4EBA6A7B-02F3-466C-BECD-2E872B512218}"
EndProject
Project("{8BC9CEB8-8B4A-11D0-8D11-00A0C91BC942}") = "SampleGateway", "Gateway\SampleGateway\SampleGateway.vcxproj", "{5FA4C0BE-3FCF-449A-9C41-1C4BE51899CE}"
EndProject
Project("{8BC9CEB8-8B4A-11D0-8D11-00A0C91BC942}") = "TextFeeder", "Gateway\TextFeeder\TextFeeder.vcxproj", "{8A697370-9955-4254-8B7E-341A9DA59748}"
EndProject
Project("{FAE04EC0-301F-11D3-BF4B-00C04F79EFBC}") = "TextFeeder.NET", "Gateway\TextFeeder.NET\TextFeeder.NET.csproj", "{2F415D2A-3E50-4A72-81FB-C71BE1A94B29}"
EndProject
Project("{8BC9CEB8-8B4A-11D0-8D11-00A0C91BC942}") = "UniFeeder", "Gateway\UniFeeder\UniFeeder.vcxproj", "{CD1C6CDD-F6DA-4734-991B-DAD0C58BD2CC}"
EndProject
Project("{FAE04EC0-301F-11D3-BF4B-00C04F79EFBC}") = "UniFeeder.NET", "Gateway\UniFeeder.NET\UniFeeder.NET.csproj", "{A06B8827-130A-4795-8BEF-2B31C487D585}"
EndProject
Project("{8BC9CEB8-8B4A-11D0-8D11-00A0C91BC942}") = "UniNewsServer", "Gateway\UniNewsServer\UniNewsServer.vcxproj", "{8ECC2070-8AEF-4EBD-B68D-0E26B6E8C92A}"
EndProject
Project("{2150E333-8FDC-42A3-9474-1A3956D46DE8}") = "Gateway and Datafeed", "Gateway and Datafeed", "{09458F44-B96C-4A30-BDE4-08C4AE8F79A9}"
EndProject
Project("{2150E333-8FDC-42A3-9474-1A3956D46DE8}") = "Manager", "Manager", "{97EC14C6-12DA-48EC-9A04-7E4A711032D9}"
EndProject
Project("{2150E333-8FDC-42A3-9474-1A3956D46DE8}") = "Report", "Report", "{4D52C2C8-CEDC-4EBF-9E26-283C3946C969}"
EndProject
Project("{2150E333-8FDC-42A3-9474-1A3956D46DE8}") = "Server", "Server", "{8AA20654-2C07-43C6-BC8E-52F2F174A224}"
EndProject
Project("{8BC9CEB8-8B4A-11D0-8D11-00A0C91BC942}") = "APIExtension", "Server\APIExtension\APIExtension.vcxproj", "{50BB9204-6C89-4083-A80B-F12B3853885B}"
EndProject
Project("{8BC9CEB8-8B4A-11D0-8D11-00A0C91BC942}") = "CustomRequestRouting", "Server\CustomRequestRouting\CustomRequestRouting.vcxproj", "{71DA4017-36BA-43E5-ABCE-2E5B8E932593}"
EndProject
Project("{8BC9CEB8-8B4A-11D0-8D11-00A0C91BC942}") = "FeedCommission", "Server\FeedCommission\FeedCommission.vcxproj", "{F8C86FBD-8C8B-4876-A645-6286E474C98F}"
EndProject
Project("{8BC9CEB8-8B4A-11D0-8D11-00A0C91BC942}") = "InterestRates", "Server\InterestRates\InterestRates.vcxproj", "{79E31384-7EC5-40B3-A357-B9B875B4A60B}"
EndProject
Project("{8BC9CEB8-8B4A-11D0-8D11-00A0C91BC942}") = "ServerPlugin", "Server\ServerPlugin\ServerPlugin.vcxproj", "{D9D4EB7B-DB37-4AB4-B7AF-E102FE1179A7}"
EndProject
Project("{8BC9CEB8-8B4A-11D0-8D11-00A0C91BC942}") = "SingleSessionPlugin", "Server\SingleSessionPlugin\SingleSessionPlugin.vcxproj", "{58C55702-014C-4049-94E3-F053189247BC}"
EndProject
Project("{8BC9CEB8-8B4A-11D0-8D11-00A0C91BC942}") = "StopOutReporter", "Server\StopOutReporter\StopOutReporter.vcxproj", "{7F0C09A5-3CA6-4283-9DB8-C1E4BE488BD5}"
EndProject
Project("{8BC9CEB8-8B4A-11D0-8D11-00A0C91BC942}") = "SwapsCopier", "Server\SwapsCopier\SwapsCopier.vcxproj", "{DF2A61E9-7C4A-4D38-988D-C8E72985085B}"
EndProject
Project("{8BC9CEB8-8B4A-11D0-8D11-00A0C91BC942}") = "SymbolsCopier", "Server\SymbolsCopier\SymbolsCopier.vcxproj", "{BFEB3D2C-00EC-47D4-BCE5-EEBBFCA62795}"
EndProject
Project("{8BC9CEB8-8B4A-11D0-8D11-00A0C91BC942}") = "BalanceExample", "Manager\BalanceExample\BalanceExample.vcxproj", "{6637B604-E069-4AC8-A7EE-0A8C9DF925BE}"
EndProject
Project("{FAE04EC0-301F-11D3-BF4B-00C04F79EFBC}") = "BalanceExample.NET", "Manager\BalanceExample.NET\BalanceExample.NET.csproj", "{1271754B-D741-4496-8CA8-6A015470E1F2}"
EndProject
Project("{8BC9CEB8-8B4A-11D0-8D11-00A0C91BC942}") = "DealerExample", "Manager\DealerExample\DealerExample.vcxproj", "{1E42537A-0F62-4157-8D7F-0C09DEF5DD08}"
EndProject
Project("{FAE04EC0-301F-11D3-BF4B-00C04F79EFBC}") = "DealerExample.NET", "Manager\DealerExample.NET\DealerExample.NET.csproj", "{2E5DE868-F3A8-4047-8CF3-AC6024DE6DAA}"
EndProject
Project("{8BC9CEB8-8B4A-11D0-8D11-00A0C91BC942}") = "ManagerAPIExtension", "Manager\ManagerAPIExtension\ManagerAPIExtension.vcxproj", "{749FA26E-638C-4E3F-938B-DB3CF3727B20}"
EndProject
Project("{8BC9CEB8-8B4A-11D0-8D11-00A0C91BC942}") = "SimpleDealer", "Manager\SimpleDealer\SimpleDealer.vcxproj", "{EC3817A7-A41D-4C02-BED5-4269B46CCB4D}"
EndProject
Project("{8BC9CEB8-8B4A-11D0-8D11-00A0C91BC942}") = "SimpleManager", "Manager\SimpleManager\SimpleManager.vcxproj", "{5AD9B8C9-9C3E-46D8-96A9-735A755F5E4C}"
EndProject
Project("{8BC9CEB8-8B4A-11D0-8D11-00A0C91BC942}") = "Accounts.Standard.Reports", "Report\Accounts.Standard.Reports\Accounts.Standard.Reports.vcxproj", "{0EFA9A44-2D19-4C73-9DEE-B9B97B472BDE}"
EndProject
Project("{8BC9CEB8-8B4A-11D0-8D11-00A0C91BC942}") = "Capital.Standard.Reports", "Report\Capital.Standard.Reports\Capital.Standard.Reports.vcxproj", "{EEFFA5EB-D268-4BD9-80E6-7C6EC703CC7E}"
EndProject
Project("{8BC9CEB8-8B4A-11D0-8D11-00A0C91BC942}") = "Daily.Standard.Reports", "Report\Daily.Standard.Reports\Daily.Standard.Reports.vcxproj", "{A2951E14-ED56-40D0-83A1-55CD3BB39548}"
EndProject
Project("{8BC9CEB8-8B4A-11D0-8D11-00A0C91BC942}") = "Gateways.Standard.Reports", "Report\Gateways.Standard.Reports\Gateways.Standard.Reports.vcxproj", "{6A01976E-2B32-48E5-B03F-87C1CA5B688D}"
EndProject
Project("{8BC9CEB8-8B4A-11D0-8D11-00A0C91BC942}") = "NFA.Reports", "Report\NFA.Reports\NFA.Reports.vcxproj", "{1F721A5C-5C3F-492B-83E4-0C95B8DF920A}"
EndProject
Project("{8BC9CEB8-8B4A-11D0-8D11-00A0C91BC942}") = "Trades.Standard.Reports", "Report\Trades.Standard.Reports\Trades.Standard.Reports.vcxproj", "{756AEBEE-18C3-4C45-9C7F-BD8AD607A26A}"
EndProject
Project("{8BC9CEB8-8B4A-11D0-8D11-00A0C91BC942}") = "Trades.Transaction.Reports", "Report\Trades.Transaction.Reports\Trades.Transaction.Reports.vcxproj", "{058CCDB0-D453-4635-88FD-F64AAE73E410}"
EndProject
Global
	GlobalSection(SolutionConfigurationPlatforms) = preSolution
		AVX|ARM64 = AVX|ARM64
		AVX|x64 = AVX|x64
		AVX2|ARM64 = AVX2|ARM64
		AVX2|x64 = AVX2|x64
		Debug|ARM64 = Debug|ARM64
		Debug|x64 = Debug|x64
		Release|ARM64 = Release|ARM64
		Release|x64 = Release|x64
	EndGlobalSection
	GlobalSection(ProjectConfigurationPlatforms) = postSolution
		{4EBA6A7B-02F3-466C-BECD-2E872B512218}.AVX|ARM64.ActiveCfg = AVX|ARM64
		{4EBA6A7B-02F3-466C-BECD-2E872B512218}.AVX|x64.ActiveCfg = AVX|x64
		{4EBA6A7B-02F3-466C-BECD-2E872B512218}.AVX|x64.Build.0 = AVX|x64
		{4EBA6A7B-02F3-466C-BECD-2E872B512218}.AVX2|ARM64.ActiveCfg = AVX2|ARM64
		{4EBA6A7B-02F3-466C-BECD-2E872B512218}.AVX2|x64.ActiveCfg = AVX2|x64
		{4EBA6A7B-02F3-466C-BECD-2E872B512218}.AVX2|x64.Build.0 = AVX2|x64
		{4EBA6A7B-02F3-466C-BECD-2E872B512218}.Debug|ARM64.ActiveCfg = Debug|ARM64
		{4EBA6A7B-02F3-466C-BECD-2E872B512218}.Debug|ARM64.Build.0 = Debug|ARM64
		{4EBA6A7B-02F3-466C-BECD-2E872B512218}.Debug|x64.ActiveCfg = Debug|x64
		{4EBA6A7B-02F3-466C-BECD-2E872B512218}.Debug|x64.Build.0 = Debug|x64
		{4EBA6A7B-02F3-466C-BECD-2E872B512218}.Release|ARM64.ActiveCfg = Release|ARM64
		{4EBA6A7B-02F3-466C-BECD-2E872B512218}.Release|ARM64.Build.0 = Release|ARM64
		{4EBA6A7B-02F3-466C-BECD-2E872B512218}.Release|x64.ActiveCfg = Release|x64
		{4EBA6A7B-02F3-466C-BECD-2E872B512218}.Release|x64.Build.0 = Release|x64
		{5FA4C0BE-3FCF-449A-9C41-1C4BE51899CE}.AVX|ARM64.ActiveCfg = AVX|ARM64
		{5FA4C0BE-3FCF-449A-9C41-1C4BE51899CE}.AVX|x64.ActiveCfg = AVX|x64
		{5FA4C0BE-3FCF-449A-9C41-1C4BE51899CE}.AVX|x64.Build.0 = AVX|x64
		{5FA4C0BE-3FCF-449A-9C41-1C4BE51899CE}.AVX2|ARM64.ActiveCfg = AVX2|ARM64
		{5FA4C0BE-3FCF-449A-9C41-1C4BE51899CE}.AVX2|x64.ActiveCfg = AVX2|x64
		{5FA4C0BE-3FCF-449A-9C41-1C4BE51899CE}.AVX2|x64.Build.0 = AVX2|x64
		{5FA4C0BE-3FCF-449A-9C41-1C4BE51899CE}.Debug|ARM64.ActiveCfg = Debug|ARM64
		{5FA4C0BE-3FCF-449A-9C41-1C4BE51899CE}.Debug|ARM64.Build.0 = Debug|ARM64
		{5FA4C0BE-3FCF-449A-9C41-1C4BE51899CE}.Debug|x64.ActiveCfg = Debug|x64
		{5FA4C0BE-3FCF-449A-9C41-1C4BE51899CE}.Debug|x64.Build.0 = Debug|x64
		{5FA4C0BE-3FCF-449A-9C41-1C4BE51899CE}.Release|ARM64.ActiveCfg = Release|ARM64
		{5FA4C0BE-3FCF-449A-9C41-1C4BE51899CE}.Release|ARM64.Build.0 = Release|ARM64
		{5FA4C0BE-3FCF-449A-9C41-1C4BE51899CE}.Release|x64.ActiveCfg = Release|x64
		{5FA4C0BE-3FCF-449A-9C41-1C4BE51899CE}.Release|x64.Build.0 = Release|x64
		{8A697370-9955-4254-8B7E-341A9DA59748}.AVX|ARM64.ActiveCfg = AVX|ARM64
		{8A697370-9955-4254-8B7E-341A9DA59748}.AVX|x64.ActiveCfg = AVX|x64
		{8A697370-9955-4254-8B7E-341A9DA59748}.AVX|x64.Build.0 = AVX|x64
		{8A697370-9955-4254-8B7E-341A9DA59748}.AVX2|ARM64.ActiveCfg = AVX2|ARM64
		{8A697370-9955-4254-8B7E-341A9DA59748}.AVX2|x64.ActiveCfg = AVX2|x64
		{8A697370-9955-4254-8B7E-341A9DA59748}.AVX2|x64.Build.0 = AVX2|x64
		{8A697370-9955-4254-8B7E-341A9DA59748}.Debug|ARM64.ActiveCfg = Debug|ARM64
		{8A697370-9955-4254-8B7E-341A9DA59748}.Debug|ARM64.Build.0 = Debug|ARM64
		{8A697370-9955-4254-8B7E-341A9DA59748}.Debug|x64.ActiveCfg = Debug|x64
		{8A697370-9955-4254-8B7E-341A9DA59748}.Debug|x64.Build.0 = Debug|x64
		{8A697370-9955-4254-8B7E-341A9DA59748}.Release|ARM64.ActiveCfg = Release|ARM64
		{8A697370-9955-4254-8B7E-341A9DA59748}.Release|ARM64.Build.0 = Release|ARM64
		{8A697370-9955-4254-8B7E-341A9DA59748}.Release|x64.ActiveCfg = Release|x64
		{8A697370-9955-4254-8B7E-341A9DA59748}.Release|x64.Build.0 = Release|x64
		{2F415D2A-3E50-4A72-81FB-C71BE1A94B29}.AVX|ARM64.ActiveCfg = AVX|ARM64
		{2F415D2A-3E50-4A72-81FB-C71BE1A94B29}.AVX|x64.ActiveCfg = AVX|x64
		{2F415D2A-3E50-4A72-81FB-C71BE1A94B29}.AVX2|ARM64.ActiveCfg = AVX2|ARM64
		{2F415D2A-3E50-4A72-81FB-C71BE1A94B29}.AVX2|x64.ActiveCfg = AVX2|x64
		{2F415D2A-3E50-4A72-81FB-C71BE1A94B29}.Debug|ARM64.ActiveCfg = Debug|ARM64
		{2F415D2A-3E50-4A72-81FB-C71BE1A94B29}.Debug|ARM64.Build.0 = Debug|ARM64
		{2F415D2A-3E50-4A72-81FB-C71BE1A94B29}.Debug|x64.ActiveCfg = Debug|x64
		{2F415D2A-3E50-4A72-81FB-C71BE1A94B29}.Debug|x64.Build.0 = Debug|x64
		{2F415D2A-3E50-4A72-81FB-C71BE1A94B29}.Release|ARM64.ActiveCfg = Release|ARM64
		{2F415D2A-3E50-4A72-81FB-C71BE1A94B29}.Release|ARM64.Build.0 = Release|ARM64
		{2F415D2A-3E50-4A72-81FB-C71BE1A94B29}.Release|x64.ActiveCfg = Release|x64
		{2F415D2A-3E50-4A72-81FB-C71BE1A94B29}.Release|x64.Build.0 = Release|x64
		{CD1C6CDD-F6DA-4734-991B-DAD0C58BD2CC}.AVX|ARM64.ActiveCfg = AVX|ARM64
		{CD1C6CDD-F6DA-4734-991B-DAD0C58BD2CC}.AVX|x64.ActiveCfg = AVX|x64
		{CD1C6CDD-F6DA-4734-991B-DAD0C58BD2CC}.AVX|x64.Build.0 = AVX|x64
		{CD1C6CDD-F6DA-4734-991B-DAD0C58BD2CC}.AVX2|ARM64.ActiveCfg = AVX2|ARM64
		{CD1C6CDD-F6DA-4734-991B-DAD0C58BD2CC}.AVX2|x64.ActiveCfg = AVX2|x64
		{CD1C6CDD-F6DA-4734-991B-DAD0C58BD2CC}.AVX2|x64.Build.0 = AVX2|x64
		{CD1C6CDD-F6DA-4734-991B-DAD0C58BD2CC}.Debug|ARM64.ActiveCfg = Debug|ARM64
		{CD1C6CDD-F6DA-4734-991B-DAD0C58BD2CC}.Debug|ARM64.Build.0 = Debug|ARM64
		{CD1C6CDD-F6DA-4734-991B-DAD0C58BD2CC}.Debug|x64.ActiveCfg = Debug|x64
		{CD1C6CDD-F6DA-4734-991B-DAD0C58BD2CC}.Debug|x64.Build.0 = Debug|x64
		{CD1C6CDD-F6DA-4734-991B-DAD0C58BD2CC}.Release|ARM64.ActiveCfg = Release|ARM64
		{CD1C6CDD-F6DA-4734-991B-DAD0C58BD2CC}.Release|ARM64.Build.0 = Release|ARM64
		{CD1C6CDD-F6DA-4734-991B-DAD0C58BD2CC}.Release|x64.ActiveCfg = Release|x64
		{CD1C6CDD-F6DA-4734-991B-DAD0C58BD2CC}.Release|x64.Build.0 = Release|x64
		{A06B8827-130A-4795-8BEF-2B31C487D585}.AVX|ARM64.ActiveCfg = AVX|ARM64
		{A06B8827-130A-4795-8BEF-2B31C487D585}.AVX|x64.ActiveCfg = AVX|x64
		{A06B8827-130A-4795-8BEF-2B31C487D585}.AVX2|ARM64.ActiveCfg = AVX2|ARM64
		{A06B8827-130A-4795-8BEF-2B31C487D585}.AVX2|x64.ActiveCfg = AVX2|x64
		{A06B8827-130A-4795-8BEF-2B31C487D585}.Debug|ARM64.ActiveCfg = Debug|ARM64
		{A06B8827-130A-4795-8BEF-2B31C487D585}.Debug|ARM64.Build.0 = Debug|ARM64
		{A06B8827-130A-4795-8BEF-2B31C487D585}.Debug|x64.ActiveCfg = Debug|x64
		{A06B8827-130A-4795-8BEF-2B31C487D585}.Debug|x64.Build.0 = Debug|x64
		{A06B8827-130A-4795-8BEF-2B31C487D585}.Release|ARM64.ActiveCfg = Release|ARM64
		{A06B8827-130A-4795-8BEF-2B31C487D585}.Release|ARM64.Build.0 = Release|ARM64
		{A06B8827-130A-4795-8BEF-2B31C487D585}.Release|x64.ActiveCfg = Release|x64
		{A06B8827-130A-4795-8BEF-2B31C487D585}.Release|x64.Build.0 = Release|x64
		{8ECC2070-8AEF-4EBD-B68D-0E26B6E8C92A}.AVX|ARM64.ActiveCfg = AVX|ARM64
		{8ECC2070-8AEF-4EBD-B68D-0E26B6E8C92A}.AVX|x64.ActiveCfg = AVX|x64
		{8ECC2070-8AEF-4EBD-B68D-0E26B6E8C92A}.AVX|x64.Build.0 = AVX|x64
		{8ECC2070-8AEF-4EBD-B68D-0E26B6E8C92A}.AVX2|ARM64.ActiveCfg = AVX2|ARM64
		{8ECC2070-8AEF-4EBD-B68D-0E26B6E8C92A}.AVX2|x64.ActiveCfg = AVX2|x64
		{8ECC2070-8AEF-4EBD-B68D-0E26B6E8C92A}.AVX2|x64.Build.0 = AVX2|x64
		{8ECC2070-8AEF-4EBD-B68D-0E26B6E8C92A}.Debug|ARM64.ActiveCfg = Debug|ARM64
		{8ECC2070-8AEF-4EBD-B68D-0E26B6E8C92A}.Debug|ARM64.Build.0 = Debug|ARM64
		{8ECC2070-8AEF-4EBD-B68D-0E26B6E8C92A}.Debug|x64.ActiveCfg = Debug|x64
		{8ECC2070-8AEF-4EBD-B68D-0E26B6E8C92A}.Debug|x64.Build.0 = Debug|x64
		{8ECC2070-8AEF-4EBD-B68D-0E26B6E8C92A}.Release|ARM64.ActiveCfg = Release|ARM64
		{8ECC2070-8AEF-4EBD-B68D-0E26B6E8C92A}.Release|ARM64.Build.0 = Release|ARM64
		{8ECC2070-8AEF-4EBD-B68D-0E26B6E8C92A}.Release|x64.ActiveCfg = Release|x64
		{8ECC2070-8AEF-4EBD-B68D-0E26B6E8C92A}.Release|x64.Build.0 = Release|x64
		{50BB9204-6C89-4083-A80B-F12B3853885B}.AVX|ARM64.ActiveCfg = AVX|ARM64
		{50BB9204-6C89-4083-A80B-F12B3853885B}.AVX|x64.ActiveCfg = AVX|x64
		{50BB9204-6C89-4083-A80B-F12B3853885B}.AVX|x64.Build.0 = AVX|x64
		{50BB9204-6C89-4083-A80B-F12B3853885B}.AVX2|ARM64.ActiveCfg = AVX2|ARM64
		{50BB9204-6C89-4083-A80B-F12B3853885B}.AVX2|x64.ActiveCfg = AVX2|x64
		{50BB9204-6C89-4083-A80B-F12B3853885B}.AVX2|x64.Build.0 = AVX2|x64
		{50BB9204-6C89-4083-A80B-F12B3853885B}.Debug|ARM64.ActiveCfg = Debug|ARM64
		{50BB9204-6C89-4083-A80B-F12B3853885B}.Debug|ARM64.Build.0 = Debug|ARM64
		{50BB9204-6C89-4083-A80B-F12B3853885B}.Debug|x64.ActiveCfg = Debug|x64
		{50BB9204-6C89-4083-A80B-F12B3853885B}.Debug|x64.Build.0 = Debug|x64
		{50BB9204-6C89-4083-A80B-F12B3853885B}.Release|ARM64.ActiveCfg = Release|ARM64
		{50BB9204-6C89-4083-A80B-F12B3853885B}.Release|ARM64.Build.0 = Release|ARM64
		{50BB9204-6C89-4083-A80B-F12B3853885B}.Release|x64.ActiveCfg = Release|x64
		{50BB9204-6C89-4083-A80B-F12B3853885B}.Release|x64.Build.0 = Release|x64
		{71DA4017-36BA-43E5-ABCE-2E5B8E932593}.AVX|ARM64.ActiveCfg = AVX|ARM64
		{71DA4017-36BA-43E5-ABCE-2E5B8E932593}.AVX|x64.ActiveCfg = AVX|x64
		{71DA4017-36BA-43E5-ABCE-2E5B8E932593}.AVX|x64.Build.0 = AVX|x64
		{71DA4017-36BA-43E5-ABCE-2E5B8E932593}.AVX2|ARM64.ActiveCfg = AVX2|ARM64
		{71DA4017-36BA-43E5-ABCE-2E5B8E932593}.AVX2|x64.ActiveCfg = AVX2|x64
		{71DA4017-36BA-43E5-ABCE-2E5B8E932593}.AVX2|x64.Build.0 = AVX2|x64
		{71DA4017-36BA-43E5-ABCE-2E5B8E932593}.Debug|ARM64.ActiveCfg = Debug|ARM64
		{71DA4017-36BA-43E5-ABCE-2E5B8E932593}.Debug|ARM64.Build.0 = Debug|ARM64
		{71DA4017-36BA-43E5-ABCE-2E5B8E932593}.Debug|x64.ActiveCfg = Debug|x64
		{71DA4017-36BA-43E5-ABCE-2E5B8E932593}.Debug|x64.Build.0 = Debug|x64
		{71DA4017-36BA-43E5-ABCE-2E5B8E932593}.Release|ARM64.ActiveCfg = Release|ARM64
		{71DA4017-36BA-43E5-ABCE-2E5B8E932593}.Release|ARM64.Build.0 = Release|ARM64
		{71DA4017-36BA-43E5-ABCE-2E5B8E932593}.Release|x64.ActiveCfg = Release|x64
		{71DA4017-36BA-43E5-ABCE-2E5B8E932593}.Release|x64.Build.0 = Release|x64
		{F8C86FBD-8C8B-4876-A645-6286E474C98F}.AVX|ARM64.ActiveCfg = AVX|ARM64
		{F8C86FBD-8C8B-4876-A645-6286E474C98F}.AVX|x64.ActiveCfg = AVX|x64
		{F8C86FBD-8C8B-4876-A645-6286E474C98F}.AVX|x64.Build.0 = AVX|x64
		{F8C86FBD-8C8B-4876-A645-6286E474C98F}.AVX2|ARM64.ActiveCfg = AVX2|ARM64
		{F8C86FBD-8C8B-4876-A645-6286E474C98F}.AVX2|x64.ActiveCfg = AVX2|x64
		{F8C86FBD-8C8B-4876-A645-6286E474C98F}.AVX2|x64.Build.0 = AVX2|x64
		{F8C86FBD-8C8B-4876-A645-6286E474C98F}.Debug|ARM64.ActiveCfg = Debug|ARM64
		{F8C86FBD-8C8B-4876-A645-6286E474C98F}.Debug|ARM64.Build.0 = Debug|ARM64
		{F8C86FBD-8C8B-4876-A645-6286E474C98F}.Debug|x64.ActiveCfg = Debug|x64
		{F8C86FBD-8C8B-4876-A645-6286E474C98F}.Debug|x64.Build.0 = Debug|x64
		{F8C86FBD-8C8B-4876-A645-6286E474C98F}.Release|ARM64.ActiveCfg = Release|ARM64
		{F8C86FBD-8C8B-4876-A645-6286E474C98F}.Release|ARM64.Build.0 = Release|ARM64
		{F8C86FBD-8C8B-4876-A645-6286E474C98F}.Release|x64.ActiveCfg = Release|x64
		{F8C86FBD-8C8B-4876-A645-6286E474C98F}.Release|x64.Build.0 = Release|x64
		{79E31384-7EC5-40B3-A357-B9B875B4A60B}.AVX|ARM64.ActiveCfg = AVX|ARM64
		{79E31384-7EC5-40B3-A357-B9B875B4A60B}.AVX|x64.ActiveCfg = AVX|x64
		{79E31384-7EC5-40B3-A357-B9B875B4A60B}.AVX|x64.Build.0 = AVX|x64
		{79E31384-7EC5-40B3-A357-B9B875B4A60B}.AVX2|ARM64.ActiveCfg = AVX2|ARM64
		{79E31384-7EC5-40B3-A357-B9B875B4A60B}.AVX2|x64.ActiveCfg = AVX2|x64
		{79E31384-7EC5-40B3-A357-B9B875B4A60B}.AVX2|x64.Build.0 = AVX2|x64
		{79E31384-7EC5-40B3-A357-B9B875B4A60B}.Debug|ARM64.ActiveCfg = Debug|ARM64
		{79E31384-7EC5-40B3-A357-B9B875B4A60B}.Debug|ARM64.Build.0 = Debug|ARM64
		{79E31384-7EC5-40B3-A357-B9B875B4A60B}.Debug|x64.ActiveCfg = Debug|x64
		{79E31384-7EC5-40B3-A357-B9B875B4A60B}.Debug|x64.Build.0 = Debug|x64
		{79E31384-7EC5-40B3-A357-B9B875B4A60B}.Release|ARM64.ActiveCfg = Release|ARM64
		{79E31384-7EC5-40B3-A357-B9B875B4A60B}.Release|ARM64.Build.0 = Release|ARM64
		{79E31384-7EC5-40B3-A357-B9B875B4A60B}.Release|x64.ActiveCfg = Release|x64
		{79E31384-7EC5-40B3-A357-B9B875B4A60B}.Release|x64.Build.0 = Release|x64
		{D9D4EB7B-DB37-4AB4-B7AF-E102FE1179A7}.AVX|ARM64.ActiveCfg = AVX|ARM64
		{D9D4EB7B-DB37-4AB4-B7AF-E102FE1179A7}.AVX|x64.ActiveCfg = AVX|x64
		{D9D4EB7B-DB37-4AB4-B7AF-E102FE1179A7}.AVX|x64.Build.0 = AVX|x64
		{D9D4EB7B-DB37-4AB4-B7AF-E102FE1179A7}.AVX2|ARM64.ActiveCfg = AVX2|ARM64
		{D9D4EB7B-DB37-4AB4-B7AF-E102FE1179A7}.AVX2|x64.ActiveCfg = AVX2|x64
		{D9D4EB7B-DB37-4AB4-B7AF-E102FE1179A7}.AVX2|x64.Build.0 = AVX2|x64
		{D9D4EB7B-DB37-4AB4-B7AF-E102FE1179A7}.Debug|ARM64.ActiveCfg = Debug|ARM64
		{D9D4EB7B-DB37-4AB4-B7AF-E102FE1179A7}.Debug|ARM64.Build.0 = Debug|ARM64
		{D9D4EB7B-DB37-4AB4-B7AF-E102FE1179A7}.Debug|x64.ActiveCfg = Debug|x64
		{D9D4EB7B-DB37-4AB4-B7AF-E102FE1179A7}.Debug|x64.Build.0 = Debug|x64
		{D9D4EB7B-DB37-4AB4-B7AF-E102FE1179A7}.Release|ARM64.ActiveCfg = Release|ARM64
		{D9D4EB7B-DB37-4AB4-B7AF-E102FE1179A7}.Release|ARM64.Build.0 = Release|ARM64
		{D9D4EB7B-DB37-4AB4-B7AF-E102FE1179A7}.Release|x64.ActiveCfg = Release|x64
		{D9D4EB7B-DB37-4AB4-B7AF-E102FE1179A7}.Release|x64.Build.0 = Release|x64
		{58C55702-014C-4049-94E3-F053189247BC}.AVX|ARM64.ActiveCfg = AVX|ARM64
		{58C55702-014C-4049-94E3-F053189247BC}.AVX|x64.ActiveCfg = AVX|x64
		{58C55702-014C-4049-94E3-F053189247BC}.AVX|x64.Build.0 = AVX|x64
		{58C55702-014C-4049-94E3-F053189247BC}.AVX2|ARM64.ActiveCfg = AVX2|ARM64
		{58C55702-014C-4049-94E3-F053189247BC}.AVX2|x64.ActiveCfg = AVX2|x64
		{58C55702-014C-4049-94E3-F053189247BC}.AVX2|x64.Build.0 = AVX2|x64
		{58C55702-014C-4049-94E3-F053189247BC}.Debug|ARM64.ActiveCfg = Debug|ARM64
		{58C55702-014C-4049-94E3-F053189247BC}.Debug|ARM64.Build.0 = Debug|ARM64
		{58C55702-014C-4049-94E3-F053189247BC}.Debug|x64.ActiveCfg = Debug|x64
		{58C55702-014C-4049-94E3-F053189247BC}.Debug|x64.Build.0 = Debug|x64
		{58C55702-014C-4049-94E3-F053189247BC}.Release|ARM64.ActiveCfg = Release|ARM64
		{58C55702-014C-4049-94E3-F053189247BC}.Release|ARM64.Build.0 = Release|ARM64
		{58C55702-014C-4049-94E3-F053189247BC}.Release|x64.ActiveCfg = Release|x64
		{58C55702-014C-4049-94E3-F053189247BC}.Release|x64.Build.0 = Release|x64
		{7F0C09A5-3CA6-4283-9DB8-C1E4BE488BD5}.AVX|ARM64.ActiveCfg = AVX|ARM64
		{7F0C09A5-3CA6-4283-9DB8-C1E4BE488BD5}.AVX|x64.ActiveCfg = AVX|x64
		{7F0C09A5-3CA6-4283-9DB8-C1E4BE488BD5}.AVX|x64.Build.0 = AVX|x64
		{7F0C09A5-3CA6-4283-9DB8-C1E4BE488BD5}.AVX2|ARM64.ActiveCfg = AVX2|ARM64
		{7F0C09A5-3CA6-4283-9DB8-C1E4BE488BD5}.AVX2|x64.ActiveCfg = AVX2|x64
		{7F0C09A5-3CA6-4283-9DB8-C1E4BE488BD5}.AVX2|x64.Build.0 = AVX2|x64
		{7F0C09A5-3CA6-4283-9DB8-C1E4BE488BD5}.Debug|ARM64.ActiveCfg = Debug|ARM64
		{7F0C09A5-3CA6-4283-9DB8-C1E4BE488BD5}.Debug|ARM64.Build.0 = Debug|ARM64
		{7F0C09A5-3CA6-4283-9DB8-C1E4BE488BD5}.Debug|x64.ActiveCfg = Debug|x64
		{7F0C09A5-3CA6-4283-9DB8-C1E4BE488BD5}.Debug|x64.Build.0 = Debug|x64
		{7F0C09A5-3CA6-4283-9DB8-C1E4BE488BD5}.Release|ARM64.ActiveCfg = Release|ARM64
		{7F0C09A5-3CA6-4283-9DB8-C1E4BE488BD5}.Release|ARM64.Build.0 = Release|ARM64
		{7F0C09A5-3CA6-4283-9DB8-C1E4BE488BD5}.Release|x64.ActiveCfg = Release|x64
		{7F0C09A5-3CA6-4283-9DB8-C1E4BE488BD5}.Release|x64.Build.0 = Release|x64
		{DF2A61E9-7C4A-4D38-988D-C8E72985085B}.AVX|ARM64.ActiveCfg = AVX|ARM64
		{DF2A61E9-7C4A-4D38-988D-C8E72985085B}.AVX|x64.ActiveCfg = AVX|x64
		{DF2A61E9-7C4A-4D38-988D-C8E72985085B}.AVX|x64.Build.0 = AVX|x64
		{DF2A61E9-7C4A-4D38-988D-C8E72985085B}.AVX2|ARM64.ActiveCfg = AVX2|ARM64
		{DF2A61E9-7C4A-4D38-988D-C8E72985085B}.AVX2|x64.ActiveCfg = AVX2|x64
		{DF2A61E9-7C4A-4D38-988D-C8E72985085B}.AVX2|x64.Build.0 = AVX2|x64
		{DF2A61E9-7C4A-4D38-988D-C8E72985085B}.Debug|ARM64.ActiveCfg = Debug|ARM64
		{DF2A61E9-7C4A-4D38-988D-C8E72985085B}.Debug|ARM64.Build.0 = Debug|ARM64
		{DF2A61E9-7C4A-4D38-988D-C8E72985085B}.Debug|x64.ActiveCfg = Debug|x64
		{DF2A61E9-7C4A-4D38-988D-C8E72985085B}.Debug|x64.Build.0 = Debug|x64
		{DF2A61E9-7C4A-4D38-988D-C8E72985085B}.Release|ARM64.ActiveCfg = Release|ARM64
		{DF2A61E9-7C4A-4D38-988D-C8E72985085B}.Release|ARM64.Build.0 = Release|ARM64
		{DF2A61E9-7C4A-4D38-988D-C8E72985085B}.Release|x64.ActiveCfg = Release|x64
		{DF2A61E9-7C4A-4D38-988D-C8E72985085B}.Release|x64.Build.0 = Release|x64
		{BFEB3D2C-00EC-47D4-BCE5-EEBBFCA62795}.AVX|ARM64.ActiveCfg = AVX|ARM64
		{BFEB3D2C-00EC-47D4-BCE5-EEBBFCA62795}.AVX|x64.ActiveCfg = AVX|x64
		{BFEB3D2C-00EC-47D4-BCE5-EEBBFCA62795}.AVX|x64.Build.0 = AVX|x64
		{BFEB3D2C-00EC-47D4-BCE5-EEBBFCA62795}.AVX2|ARM64.ActiveCfg = AVX2|ARM64
		{BFEB3D2C-00EC-47D4-BCE5-EEBBFCA62795}.AVX2|x64.ActiveCfg = AVX2|x64
		{BFEB3D2C-00EC-47D4-BCE5-EEBBFCA62795}.AVX2|x64.Build.0 = AVX2|x64
		{BFEB3D2C-00EC-47D4-BCE5-EEBBFCA62795}.Debug|ARM64.ActiveCfg = Debug|ARM64
		{BFEB3D2C-00EC-47D4-BCE5-EEBBFCA62795}.Debug|ARM64.Build.0 = Debug|ARM64
		{BFEB3D2C-00EC-47D4-BCE5-EEBBFCA62795}.Debug|x64.ActiveCfg = Debug|x64
		{BFEB3D2C-00EC-47D4-BCE5-EEBBFCA62795}.Debug|x64.Build.0 = Debug|x64
		{BFEB3D2C-00EC-47D4-BCE5-EEBBFCA62795}.Release|ARM64.ActiveCfg = Release|ARM64
		{BFEB3D2C-00EC-47D4-BCE5-EEBBFCA62795}.Release|ARM64.Build.0 = Release|ARM64
		{BFEB3D2C-00EC-47D4-BCE5-EEBBFCA62795}.Release|x64.ActiveCfg = Release|x64
		{BFEB3D2C-00EC-47D4-BCE5-EEBBFCA62795}.Release|x64.Build.0 = Release|x64
		{6637B604-E069-4AC8-A7EE-0A8C9DF925BE}.AVX|ARM64.ActiveCfg = AVX|ARM64
		{6637B604-E069-4AC8-A7EE-0A8C9DF925BE}.AVX|x64.ActiveCfg = AVX|x64
		{6637B604-E069-4AC8-A7EE-0A8C9DF925BE}.AVX|x64.Build.0 = AVX|x64
		{6637B604-E069-4AC8-A7EE-0A8C9DF925BE}.AVX2|ARM64.ActiveCfg = AVX2|ARM64
		{6637B604-E069-4AC8-A7EE-0A8C9DF925BE}.AVX2|x64.ActiveCfg = AVX2|x64
		{6637B604-E069-4AC8-A7EE-0A8C9DF925BE}.AVX2|x64.Build.0 = AVX2|x64
		{6637B604-E069-4AC8-A7EE-0A8C9DF925BE}.Debug|ARM64.ActiveCfg = Debug|ARM64
		{6637B604-E069-4AC8-A7EE-0A8C9DF925BE}.Debug|ARM64.Build.0 = Debug|ARM64
		{6637B604-E069-4AC8-A7EE-0A8C9DF925BE}.Debug|x64.ActiveCfg = Debug|x64
		{6637B604-E069-4AC8-A7EE-0A8C9DF925BE}.Debug|x64.Build.0 = Debug|x64
		{6637B604-E069-4AC8-A7EE-0A8C9DF925BE}.Release|ARM64.ActiveCfg = Release|ARM64
		{6637B604-E069-4AC8-A7EE-0A8C9DF925BE}.Release|ARM64.Build.0 = Release|ARM64
		{6637B604-E069-4AC8-A7EE-0A8C9DF925BE}.Release|x64.ActiveCfg = Release|x64
		{6637B604-E069-4AC8-A7EE-0A8C9DF925BE}.Release|x64.Build.0 = Release|x64
		{1271754B-D741-4496-8CA8-6A015470E1F2}.AVX|ARM64.ActiveCfg = AVX|ARM64
		{1271754B-D741-4496-8CA8-6A015470E1F2}.AVX|x64.ActiveCfg = AVX|x64
		{1271754B-D741-4496-8CA8-6A015470E1F2}.AVX2|ARM64.ActiveCfg = AVX2|ARM64
		{1271754B-D741-4496-8CA8-6A015470E1F2}.AVX2|x64.ActiveCfg = AVX2|x64
		{1271754B-D741-4496-8CA8-6A015470E1F2}.Debug|ARM64.ActiveCfg = Debug|ARM64
		{1271754B-D741-4496-8CA8-6A015470E1F2}.Debug|ARM64.Build.0 = Debug|ARM64
		{1271754B-D741-4496-8CA8-6A015470E1F2}.Debug|x64.ActiveCfg = Debug|x64
		{1271754B-D741-4496-8CA8-6A015470E1F2}.Debug|x64.Build.0 = Debug|x64
		{1271754B-D741-4496-8CA8-6A015470E1F2}.Release|ARM64.ActiveCfg = Release|ARM64
		{1271754B-D741-4496-8CA8-6A015470E1F2}.Release|ARM64.Build.0 = Release|ARM64
		{1271754B-D741-4496-8CA8-6A015470E1F2}.Release|x64.ActiveCfg = Release|x64
		{1271754B-D741-4496-8CA8-6A015470E1F2}.Release|x64.Build.0 = Release|x64
		{1E42537A-0F62-4157-8D7F-0C09DEF5DD08}.AVX|ARM64.ActiveCfg = AVX|ARM64
		{1E42537A-0F62-4157-8D7F-0C09DEF5DD08}.AVX|x64.ActiveCfg = AVX|x64
		{1E42537A-0F62-4157-8D7F-0C09DEF5DD08}.AVX|x64.Build.0 = AVX|x64
		{1E42537A-0F62-4157-8D7F-0C09DEF5DD08}.AVX2|ARM64.ActiveCfg = AVX2|ARM64
		{1E42537A-0F62-4157-8D7F-0C09DEF5DD08}.AVX2|x64.ActiveCfg = AVX2|x64
		{1E42537A-0F62-4157-8D7F-0C09DEF5DD08}.AVX2|x64.Build.0 = AVX2|x64
		{1E42537A-0F62-4157-8D7F-0C09DEF5DD08}.Debug|ARM64.ActiveCfg = Debug|ARM64
		{1E42537A-0F62-4157-8D7F-0C09DEF5DD08}.Debug|ARM64.Build.0 = Debug|ARM64
		{1E42537A-0F62-4157-8D7F-0C09DEF5DD08}.Debug|x64.ActiveCfg = Debug|x64
		{1E42537A-0F62-4157-8D7F-0C09DEF5DD08}.Debug|x64.Build.0 = Debug|x64
		{1E42537A-0F62-4157-8D7F-0C09DEF5DD08}.Release|ARM64.ActiveCfg = Release|ARM64
		{1E42537A-0F62-4157-8D7F-0C09DEF5DD08}.Release|ARM64.Build.0 = Release|ARM64
		{1E42537A-0F62-4157-8D7F-0C09DEF5DD08}.Release|x64.ActiveCfg = Release|x64
		{1E42537A-0F62-4157-8D7F-0C09DEF5DD08}.Release|x64.Build.0 = Release|x64
		{2E5DE868-F3A8-4047-8CF3-AC6024DE6DAA}.AVX|ARM64.ActiveCfg = AVX|ARM64
		{2E5DE868-F3A8-4047-8CF3-AC6024DE6DAA}.AVX|x64.ActiveCfg = AVX|x64
		{2E5DE868-F3A8-4047-8CF3-AC6024DE6DAA}.AVX2|ARM64.ActiveCfg = AVX2|ARM64
		{2E5DE868-F3A8-4047-8CF3-AC6024DE6DAA}.AVX2|x64.ActiveCfg = AVX2|x64
		{2E5DE868-F3A8-4047-8CF3-AC6024DE6DAA}.Debug|ARM64.ActiveCfg = Debug|ARM64
		{2E5DE868-F3A8-4047-8CF3-AC6024DE6DAA}.Debug|ARM64.Build.0 = Debug|ARM64
		{2E5DE868-F3A8-4047-8CF3-AC6024DE6DAA}.Debug|x64.ActiveCfg = Debug|x64
		{2E5DE868-F3A8-4047-8CF3-AC6024DE6DAA}.Debug|x64.Build.0 = Debug|x64
		{2E5DE868-F3A8-4047-8CF3-AC6024DE6DAA}.Release|ARM64.ActiveCfg = Release|ARM64
		{2E5DE868-F3A8-4047-8CF3-AC6024DE6DAA}.Release|ARM64.Build.0 = Release|ARM64
		{2E5DE868-F3A8-4047-8CF3-AC6024DE6DAA}.Release|x64.ActiveCfg = Release|x64
		{2E5DE868-F3A8-4047-8CF3-AC6024DE6DAA}.Release|x64.Build.0 = Release|x64
		{749FA26E-638C-4E3F-938B-DB3CF3727B20}.AVX|ARM64.ActiveCfg = AVX|ARM64
		{749FA26E-638C-4E3F-938B-DB3CF3727B20}.AVX|x64.ActiveCfg = AVX|x64
		{749FA26E-638C-4E3F-938B-DB3CF3727B20}.AVX|x64.Build.0 = AVX|x64
		{749FA26E-638C-4E3F-938B-DB3CF3727B20}.AVX2|ARM64.ActiveCfg = AVX2|ARM64
		{749FA26E-638C-4E3F-938B-DB3CF3727B20}.AVX2|x64.ActiveCfg = AVX2|x64
		{749FA26E-638C-4E3F-938B-DB3CF3727B20}.AVX2|x64.Build.0 = AVX2|x64
		{749FA26E-638C-4E3F-938B-DB3CF3727B20}.Debug|ARM64.ActiveCfg = Debug|ARM64
		{749FA26E-638C-4E3F-938B-DB3CF3727B20}.Debug|ARM64.Build.0 = Debug|ARM64
		{749FA26E-638C-4E3F-938B-DB3CF3727B20}.Debug|x64.ActiveCfg = Debug|x64
		{749FA26E-638C-4E3F-938B-DB3CF3727B20}.Debug|x64.Build.0 = Debug|x64
		{749FA26E-638C-4E3F-938B-DB3CF3727B20}.Release|ARM64.ActiveCfg = Release|ARM64
		{749FA26E-638C-4E3F-938B-DB3CF3727B20}.Release|ARM64.Build.0 = Release|ARM64
		{749FA26E-638C-4E3F-938B-DB3CF3727B20}.Release|x64.ActiveCfg = Release|x64
		{749FA26E-638C-4E3F-938B-DB3CF3727B20}.Release|x64.Build.0 = Release|x64
		{EC3817A7-A41D-4C02-BED5-4269B46CCB4D}.AVX|ARM64.ActiveCfg = AVX|ARM64
		{EC3817A7-A41D-4C02-BED5-4269B46CCB4D}.AVX|x64.ActiveCfg = AVX|x64
		{EC3817A7-A41D-4C02-BED5-4269B46CCB4D}.AVX|x64.Build.0 = AVX|x64
		{EC3817A7-A41D-4C02-BED5-4269B46CCB4D}.AVX2|ARM64.ActiveCfg = AVX2|ARM64
		{EC3817A7-A41D-4C02-BED5-4269B46CCB4D}.AVX2|x64.ActiveCfg = AVX2|x64
		{EC3817A7-A41D-4C02-BED5-4269B46CCB4D}.AVX2|x64.Build.0 = AVX2|x64
		{EC3817A7-A41D-4C02-BED5-4269B46CCB4D}.Debug|ARM64.ActiveCfg = Debug|ARM64
		{EC3817A7-A41D-4C02-BED5-4269B46CCB4D}.Debug|ARM64.Build.0 = Debug|ARM64
		{EC3817A7-A41D-4C02-BED5-4269B46CCB4D}.Debug|x64.ActiveCfg = Debug|x64
		{EC3817A7-A41D-4C02-BED5-4269B46CCB4D}.Debug|x64.Build.0 = Debug|x64
		{EC3817A7-A41D-4C02-BED5-4269B46CCB4D}.Release|ARM64.ActiveCfg = Release|ARM64
		{EC3817A7-A41D-4C02-BED5-4269B46CCB4D}.Release|ARM64.Build.0 = Release|ARM64
		{EC3817A7-A41D-4C02-BED5-4269B46CCB4D}.Release|x64.ActiveCfg = Release|x64
		{EC3817A7-A41D-4C02-BED5-4269B46CCB4D}.Release|x64.Build.0 = Release|x64
		{5AD9B8C9-9C3E-46D8-96A9-735A755F5E4C}.AVX|ARM64.ActiveCfg = AVX|ARM64
		{5AD9B8C9-9C3E-46D8-96A9-735A755F5E4C}.AVX|x64.ActiveCfg = AVX|x64
		{5AD9B8C9-9C3E-46D8-96A9-735A755F5E4C}.AVX|x64.Build.0 = AVX|x64
		{5AD9B8C9-9C3E-46D8-96A9-735A755F5E4C}.AVX2|ARM64.ActiveCfg = AVX2|ARM64
		{5AD9B8C9-9C3E-46D8-96A9-735A755F5E4C}.AVX2|x64.ActiveCfg = AVX2|x64
		{5AD9B8C9-9C3E-46D8-96A9-735A755F5E4C}.AVX2|x64.Build.0 = AVX2|x64
		{5AD9B8C9-9C3E-46D8-96A9-735A755F5E4C}.Debug|ARM64.ActiveCfg = Debug|ARM64
		{5AD9B8C9-9C3E-46D8-96A9-735A755F5E4C}.Debug|ARM64.Build.0 = Debug|ARM64
		{5AD9B8C9-9C3E-46D8-96A9-735A755F5E4C}.Debug|x64.ActiveCfg = Debug|x64
		{5AD9B8C9-9C3E-46D8-96A9-735A755F5E4C}.Debug|x64.Build.0 = Debug|x64
		{5AD9B8C9-9C3E-46D8-96A9-735A755F5E4C}.Release|ARM64.ActiveCfg = Release|ARM64
		{5AD9B8C9-9C3E-46D8-96A9-735A755F5E4C}.Release|ARM64.Build.0 = Release|ARM64
		{5AD9B8C9-9C3E-46D8-96A9-735A755F5E4C}.Release|x64.ActiveCfg = Release|x64
		{5AD9B8C9-9C3E-46D8-96A9-735A755F5E4C}.Release|x64.Build.0 = Release|x64
		{0EFA9A44-2D19-4C73-9DEE-B9B97B472BDE}.AVX|ARM64.ActiveCfg = AVX|ARM64
		{0EFA9A44-2D19-4C73-9DEE-B9B97B472BDE}.AVX|x64.ActiveCfg = AVX|x64
		{0EFA9A44-2D19-4C73-9DEE-B9B97B472BDE}.AVX|x64.Build.0 = AVX|x64
		{0EFA9A44-2D19-4C73-9DEE-B9B97B472BDE}.AVX2|ARM64.ActiveCfg = AVX2|ARM64
		{0EFA9A44-2D19-4C73-9DEE-B9B97B472BDE}.AVX2|x64.ActiveCfg = AVX2|x64
		{0EFA9A44-2D19-4C73-9DEE-B9B97B472BDE}.AVX2|x64.Build.0 = AVX2|x64
		{0EFA9A44-2D19-4C73-9DEE-B9B97B472BDE}.Debug|ARM64.ActiveCfg = Debug|ARM64
		{0EFA9A44-2D19-4C73-9DEE-B9B97B472BDE}.Debug|ARM64.Build.0 = Debug|ARM64
		{0EFA9A44-2D19-4C73-9DEE-B9B97B472BDE}.Debug|x64.ActiveCfg = Debug|x64
		{0EFA9A44-2D19-4C73-9DEE-B9B97B472BDE}.Debug|x64.Build.0 = Debug|x64
		{0EFA9A44-2D19-4C73-9DEE-B9B97B472BDE}.Release|ARM64.ActiveCfg = Release|ARM64
		{0EFA9A44-2D19-4C73-9DEE-B9B97B472BDE}.Release|ARM64.Build.0 = Release|ARM64
		{0EFA9A44-2D19-4C73-9DEE-B9B97B472BDE}.Release|x64.ActiveCfg = Release|x64
		{0EFA9A44-2D19-4C73-9DEE-B9B97B472BDE}.Release|x64.Build.0 = Release|x64
		{EEFFA5EB-D268-4BD9-80E6-7C6EC703CC7E}.AVX|ARM64.ActiveCfg = AVX|ARM64
		{EEFFA5EB-D268-4BD9-80E6-7C6EC703CC7E}.AVX|x64.ActiveCfg = AVX|x64
		{EEFFA5EB-D268-4BD9-80E6-7C6EC703CC7E}.AVX|x64.Build.0 = AVX|x64
		{EEFFA5EB-D268-4BD9-80E6-7C6EC703CC7E}.AVX2|ARM64.ActiveCfg = AVX2|ARM64
		{EEFFA5EB-D268-4BD9-80E6-7C6EC703CC7E}.AVX2|x64.ActiveCfg = AVX2|x64
		{EEFFA5EB-D268-4BD9-80E6-7C6EC703CC7E}.AVX2|x64.Build.0 = AVX2|x64
		{EEFFA5EB-D268-4BD9-80E6-7C6EC703CC7E}.Debug|ARM64.ActiveCfg = Debug|ARM64
		{EEFFA5EB-D268-4BD9-80E6-7C6EC703CC7E}.Debug|ARM64.Build.0 = Debug|ARM64
		{EEFFA5EB-D268-4BD9-80E6-7C6EC703CC7E}.Debug|x64.ActiveCfg = Debug|x64
		{EEFFA5EB-D268-4BD9-80E6-7C6EC703CC7E}.Debug|x64.Build.0 = Debug|x64
		{EEFFA5EB-D268-4BD9-80E6-7C6EC703CC7E}.Release|ARM64.ActiveCfg = Release|ARM64
		{EEFFA5EB-D268-4BD9-80E6-7C6EC703CC7E}.Release|ARM64.Build.0 = Release|ARM64
		{EEFFA5EB-D268-4BD9-80E6-7C6EC703CC7E}.Release|x64.ActiveCfg = Release|x64
		{EEFFA5EB-D268-4BD9-80E6-7C6EC703CC7E}.Release|x64.Build.0 = Release|x64
		{A2951E14-ED56-40D0-83A1-55CD3BB39548}.AVX|ARM64.ActiveCfg = AVX|ARM64
		{A2951E14-ED56-40D0-83A1-55CD3BB39548}.AVX|x64.ActiveCfg = AVX|x64
		{A2951E14-ED56-40D0-83A1-55CD3BB39548}.AVX|x64.Build.0 = AVX|x64
		{A2951E14-ED56-40D0-83A1-55CD3BB39548}.AVX2|ARM64.ActiveCfg = AVX2|ARM64
		{A2951E14-ED56-40D0-83A1-55CD3BB39548}.AVX2|x64.ActiveCfg = AVX2|x64
		{A2951E14-ED56-40D0-83A1-55CD3BB39548}.AVX2|x64.Build.0 = AVX2|x64
		{A2951E14-ED56-40D0-83A1-55CD3BB39548}.Debug|ARM64.ActiveCfg = Debug|ARM64
		{A2951E14-ED56-40D0-83A1-55CD3BB39548}.Debug|ARM64.Build.0 = Debug|ARM64
		{A2951E14-ED56-40D0-83A1-55CD3BB39548}.Debug|x64.ActiveCfg = Debug|x64
		{A2951E14-ED56-40D0-83A1-55CD3BB39548}.Debug|x64.Build.0 = Debug|x64
		{A2951E14-ED56-40D0-83A1-55CD3BB39548}.Release|ARM64.ActiveCfg = Release|ARM64
		{A2951E14-ED56-40D0-83A1-55CD3BB39548}.Release|ARM64.Build.0 = Release|ARM64
		{A2951E14-ED56-40D0-83A1-55CD3BB39548}.Release|x64.ActiveCfg = Release|x64
		{A2951E14-ED56-40D0-83A1-55CD3BB39548}.Release|x64.Build.0 = Release|x64
		{6A01976E-2B32-48E5-B03F-87C1CA5B688D}.AVX|ARM64.ActiveCfg = AVX|ARM64
		{6A01976E-2B32-48E5-B03F-87C1CA5B688D}.AVX|x64.ActiveCfg = AVX|x64
		{6A01976E-2B32-48E5-B03F-87C1CA5B688D}.AVX|x64.Build.0 = AVX|x64
		{6A01976E-2B32-48E5-B03F-87C1CA5B688D}.AVX2|ARM64.ActiveCfg = AVX2|ARM64
		{6A01976E-2B32-48E5-B03F-87C1CA5B688D}.AVX2|x64.ActiveCfg = AVX2|x64
		{6A01976E-2B32-48E5-B03F-87C1CA5B688D}.AVX2|x64.Build.0 = AVX2|x64
		{6A01976E-2B32-48E5-B03F-87C1CA5B688D}.Debug|ARM64.ActiveCfg = Debug|ARM64
		{6A01976E-2B32-48E5-B03F-87C1CA5B688D}.Debug|ARM64.Build.0 = Debug|ARM64
		{6A01976E-2B32-48E5-B03F-87C1CA5B688D}.Debug|x64.ActiveCfg = Debug|x64
		{6A01976E-2B32-48E5-B03F-87C1CA5B688D}.Debug|x64.Build.0 = Debug|x64
		{6A01976E-2B32-48E5-B03F-87C1CA5B688D}.Release|ARM64.ActiveCfg = Release|ARM64
		{6A01976E-2B32-48E5-B03F-87C1CA5B688D}.Release|ARM64.Build.0 = Release|ARM64
		{6A01976E-2B32-48E5-B03F-87C1CA5B688D}.Release|x64.ActiveCfg = Release|x64
		{6A01976E-2B32-48E5-B03F-87C1CA5B688D}.Release|x64.Build.0 = Release|x64
		{1F721A5C-5C3F-492B-83E4-0C95B8DF920A}.AVX|ARM64.ActiveCfg = AVX|ARM64
		{1F721A5C-5C3F-492B-83E4-0C95B8DF920A}.AVX|x64.ActiveCfg = AVX|x64
		{1F721A5C-5C3F-492B-83E4-0C95B8DF920A}.AVX|x64.Build.0 = AVX|x64
		{1F721A5C-5C3F-492B-83E4-0C95B8DF920A}.AVX2|ARM64.ActiveCfg = AVX2|ARM64
		{1F721A5C-5C3F-492B-83E4-0C95B8DF920A}.AVX2|x64.ActiveCfg = AVX2|x64
		{1F721A5C-5C3F-492B-83E4-0C95B8DF920A}.AVX2|x64.Build.0 = AVX2|x64
		{1F721A5C-5C3F-492B-83E4-0C95B8DF920A}.Debug|ARM64.ActiveCfg = Debug|ARM64
		{1F721A5C-5C3F-492B-83E4-0C95B8DF920A}.Debug|ARM64.Build.0 = Debug|ARM64
		{1F721A5C-5C3F-492B-83E4-0C95B8DF920A}.Debug|x64.ActiveCfg = Debug|x64
		{1F721A5C-5C3F-492B-83E4-0C95B8DF920A}.Debug|x64.Build.0 = Debug|x64
		{1F721A5C-5C3F-492B-83E4-0C95B8DF920A}.Release|ARM64.ActiveCfg = Release|ARM64
		{1F721A5C-5C3F-492B-83E4-0C95B8DF920A}.Release|ARM64.Build.0 = Release|ARM64
		{1F721A5C-5C3F-492B-83E4-0C95B8DF920A}.Release|x64.ActiveCfg = Release|x64
		{1F721A5C-5C3F-492B-83E4-0C95B8DF920A}.Release|x64.Build.0 = Release|x64
		{756AEBEE-18C3-4C45-9C7F-BD8AD607A26A}.AVX|ARM64.ActiveCfg = AVX|ARM64
		{756AEBEE-18C3-4C45-9C7F-BD8AD607A26A}.AVX|x64.ActiveCfg = AVX|x64
		{756AEBEE-18C3-4C45-9C7F-BD8AD607A26A}.AVX|x64.Build.0 = AVX|x64
		{756AEBEE-18C3-4C45-9C7F-BD8AD607A26A}.AVX2|ARM64.ActiveCfg = AVX2|ARM64
		{756AEBEE-18C3-4C45-9C7F-BD8AD607A26A}.AVX2|x64.ActiveCfg = AVX2|x64
		{756AEBEE-18C3-4C45-9C7F-BD8AD607A26A}.AVX2|x64.Build.0 = AVX2|x64
		{756AEBEE-18C3-4C45-9C7F-BD8AD607A26A}.Debug|ARM64.ActiveCfg = Debug|ARM64
		{756AEBEE-18C3-4C45-9C7F-BD8AD607A26A}.Debug|ARM64.Build.0 = Debug|ARM64
		{756AEBEE-18C3-4C45-9C7F-BD8AD607A26A}.Debug|x64.ActiveCfg = Debug|x64
		{756AEBEE-18C3-4C45-9C7F-BD8AD607A26A}.Debug|x64.Build.0 = Debug|x64
		{756AEBEE-18C3-4C45-9C7F-BD8AD607A26A}.Release|ARM64.ActiveCfg = Release|ARM64
		{756AEBEE-18C3-4C45-9C7F-BD8AD607A26A}.Release|ARM64.Build.0 = Release|ARM64
		{756AEBEE-18C3-4C45-9C7F-BD8AD607A26A}.Release|x64.ActiveCfg = Release|x64
		{756AEBEE-18C3-4C45-9C7F-BD8AD607A26A}.Release|x64.Build.0 = Release|x64
		{058CCDB0-D453-4635-88FD-F64AAE73E410}.AVX|ARM64.ActiveCfg = AVX|ARM64
		{058CCDB0-D453-4635-88FD-F64AAE73E410}.AVX|x64.ActiveCfg = AVX|x64
		{058CCDB0-D453-4635-88FD-F64AAE73E410}.AVX|x64.Build.0 = AVX|x64
		{058CCDB0-D453-4635-88FD-F64AAE73E410}.AVX2|ARM64.ActiveCfg = AVX2|ARM64
		{058CCDB0-D453-4635-88FD-F64AAE73E410}.AVX2|x64.ActiveCfg = AVX2|x64
		{058CCDB0-D453-4635-88FD-F64AAE73E410}.AVX2|x64.Build.0 = AVX2|x64
		{058CCDB0-D453-4635-88FD-F64AAE73E410}.Debug|ARM64.ActiveCfg = Debug|ARM64
		{058CCDB0-D453-4635-88FD-F64AAE73E410}.Debug|ARM64.Build.0 = Debug|ARM64
		{058CCDB0-D453-4635-88FD-F64AAE73E410}.Debug|x64.ActiveCfg = Debug|x64
		{058CCDB0-D453-4635-88FD-F64AAE73E410}.Debug|x64.Build.0 = Debug|x64
		{058CCDB0-D453-4635-88FD-F64AAE73E410}.Release|ARM64.ActiveCfg = Release|ARM64
		{058CCDB0-D453-4635-88FD-F64AAE73E410}.Release|ARM64.Build.0 = Release|ARM64
		{058CCDB0-D453-4635-88FD-F64AAE73E410}.Release|x64.ActiveCfg = Release|x64
		{058CCDB0-D453-4635-88FD-F64AAE73E410}.Release|x64.Build.0 = Release|x64
	EndGlobalSection
	GlobalSection(SolutionProperties) = preSolution
		HideSolutionNode = FALSE
	EndGlobalSection
	GlobalSection(NestedProjects) = preSolution
		{4EBA6A7B-02F3-466C-BECD-2E872B512218} = {09458F44-B96C-4A30-BDE4-08C4AE8F79A9}
		{5FA4C0BE-3FCF-449A-9C41-1C4BE51899CE} = {09458F44-B96C-4A30-BDE4-08C4AE8F79A9}
		{8A697370-9955-4254-8B7E-341A9DA59748} = {09458F44-B96C-4A30-BDE4-08C4AE8F79A9}
		{2F415D2A-3E50-4A72-81FB-C71BE1A94B29} = {09458F44-B96C-4A30-BDE4-08C4AE8F79A9}
		{CD1C6CDD-F6DA-4734-991B-DAD0C58BD2CC} = {09458F44-B96C-4A30-BDE4-08C4AE8F79A9}
		{A06B8827-130A-4795-8BEF-2B31C487D585} = {09458F44-B96C-4A30-BDE4-08C4AE8F79A9}
		{8ECC2070-8AEF-4EBD-B68D-0E26B6E8C92A} = {09458F44-B96C-4A30-BDE4-08C4AE8F79A9}
		{50BB9204-6C89-4083-A80B-F12B3853885B} = {8AA20654-2C07-43C6-BC8E-52F2F174A224}
		{71DA4017-36BA-43E5-ABCE-2E5B8E932593} = {8AA20654-2C07-43C6-BC8E-52F2F174A224}
		{F8C86FBD-8C8B-4876-A645-6286E474C98F} = {8AA20654-2C07-43C6-BC8E-52F2F174A224}
		{79E31384-7EC5-40B3-A357-B9B875B4A60B} = {8AA20654-2C07-43C6-BC8E-52F2F174A224}
		{D9D4EB7B-DB37-4AB4-B7AF-E102FE1179A7} = {8AA20654-2C07-43C6-BC8E-52F2F174A224}
		{58C55702-014C-4049-94E3-F053189247BC} = {8AA20654-2C07-43C6-BC8E-52F2F174A224}
		{7F0C09A5-3CA6-4283-9DB8-C1E4BE488BD5} = {8AA20654-2C07-43C6-BC8E-52F2F174A224}
		{DF2A61E9-7C4A-4D38-988D-C8E72985085B} = {8AA20654-2C07-43C6-BC8E-52F2F174A224}
		{BFEB3D2C-00EC-47D4-BCE5-EEBBFCA62795} = {8AA20654-2C07-43C6-BC8E-52F2F174A224}
		{6637B604-E069-4AC8-A7EE-0A8C9DF925BE} = {97EC14C6-12DA-48EC-9A04-7E4A711032D9}
		{1271754B-D741-4496-8CA8-6A015470E1F2} = {97EC14C6-12DA-48EC-9A04-7E4A711032D9}
		{1E42537A-0F62-4157-8D7F-0C09DEF5DD08} = {97EC14C6-12DA-48EC-9A04-7E4A711032D9}
		{2E5DE868-F3A8-4047-8CF3-AC6024DE6DAA} = {97EC14C6-12DA-48EC-9A04-7E4A711032D9}
		{749FA26E-638C-4E3F-938B-DB3CF3727B20} = {97EC14C6-12DA-48EC-9A04-7E4A711032D9}
		{EC3817A7-A41D-4C02-BED5-4269B46CCB4D} = {97EC14C6-12DA-48EC-9A04-7E4A711032D9}
		{5AD9B8C9-9C3E-46D8-96A9-735A755F5E4C} = {97EC14C6-12DA-48EC-9A04-7E4A711032D9}
		{0EFA9A44-2D19-4C73-9DEE-B9B97B472BDE} = {4D52C2C8-CEDC-4EBF-9E26-283C3946C969}
		{EEFFA5EB-D268-4BD9-80E6-7C6EC703CC7E} = {4D52C2C8-CEDC-4EBF-9E26-283C3946C969}
		{A2951E14-ED56-40D0-83A1-55CD3BB39548} = {4D52C2C8-CEDC-4EBF-9E26-283C3946C969}
		{6A01976E-2B32-48E5-B03F-87C1CA5B688D} = {4D52C2C8-CEDC-4EBF-9E26-283C3946C969}
		{1F721A5C-5C3F-492B-83E4-0C95B8DF920A} = {4D52C2C8-CEDC-4EBF-9E26-283C3946C969}
		{756AEBEE-18C3-4C45-9C7F-BD8AD607A26A} = {4D52C2C8-CEDC-4EBF-9E26-283C3946C969}
		{058CCDB0-D453-4635-88FD-F64AAE73E410} = {4D52C2C8-CEDC-4EBF-9E26-283C3946C969}
	EndGlobalSection
	GlobalSection(ExtensibilityGlobals) = postSolution
		SolutionGuid = {D776BDBE-9513-436B-B13D-EE1751DD2CFE}
	EndGlobalSection
EndGlobal
