
Microsoft Visual Studio Solution File, Format Version 12.00
# Visual Studio Version 17
VisualStudioVersion = 17.3.32929.385
MinimumVisualStudioVersion = 10.0.40219.1
Project("{8BC9CEB8-8B4A-11D0-8D11-00A0C91BC942}") = "NFA.Reports", "NFA.Reports.vcxproj", "{1F721A5C-5C3F-492B-83E4-0C95B8DF920A}"
EndProject
Global
	GlobalSection(SolutionConfigurationPlatforms) = preSolution
		AVX|ARM64 = AVX|ARM64
		AVX|x64 = AVX|x64
		AVX2|ARM64 = AVX2|ARM64
		AVX2|x64 = AVX2|x64
		Debug|ARM64 = Debug|ARM64
		Debug|x64 = Debug|x64
		Release|ARM64 = Release|ARM64
		Release|x64 = Release|x64
	EndGlobalSection
	GlobalSection(ProjectConfigurationPlatforms) = postSolution
		{1F721A5C-5C3F-492B-83E4-0C95B8DF920A}.AVX|ARM64.ActiveCfg = AVX|ARM64
		{1F721A5C-5C3F-492B-83E4-0C95B8DF920A}.AVX|ARM64.Build.0 = AVX|ARM64
		{1F721A5C-5C3F-492B-83E4-0C95B8DF920A}.AVX|x64.ActiveCfg = AVX|ARM64
		{1F721A5C-5C3F-492B-83E4-0C95B8DF920A}.AVX|x64.Build.0 = AVX|ARM64
		{1F721A5C-5C3F-492B-83E4-0C95B8DF920A}.AVX2|ARM64.ActiveCfg = AVX2|ARM64
		{1F721A5C-5C3F-492B-83E4-0C95B8DF920A}.AVX2|ARM64.Build.0 = AVX2|ARM64
		{1F721A5C-5C3F-492B-83E4-0C95B8DF920A}.AVX2|x64.ActiveCfg = AVX2|x64
		{1F721A5C-5C3F-492B-83E4-0C95B8DF920A}.AVX2|x64.Build.0 = AVX2|x64
		{1F721A5C-5C3F-492B-83E4-0C95B8DF920A}.Debug|ARM64.ActiveCfg = Debug|ARM64
		{1F721A5C-5C3F-492B-83E4-0C95B8DF920A}.Debug|ARM64.Build.0 = Debug|ARM64
		{1F721A5C-5C3F-492B-83E4-0C95B8DF920A}.Debug|x64.ActiveCfg = Release|x64
		{1F721A5C-5C3F-492B-83E4-0C95B8DF920A}.Debug|x64.Build.0 = Release|x64
		{1F721A5C-5C3F-492B-83E4-0C95B8DF920A}.Release|ARM64.ActiveCfg = Release|ARM64
		{1F721A5C-5C3F-492B-83E4-0C95B8DF920A}.Release|ARM64.Build.0 = Release|ARM64
		{1F721A5C-5C3F-492B-83E4-0C95B8DF920A}.Release|x64.ActiveCfg = Release|x64
		{1F721A5C-5C3F-492B-83E4-0C95B8DF920A}.Release|x64.Build.0 = Release|x64
	EndGlobalSection
	GlobalSection(SolutionProperties) = preSolution
		HideSolutionNode = FALSE
	EndGlobalSection
	GlobalSection(ExtensibilityGlobals) = postSolution
		SolutionGuid = {28825719-1E6B-4876-A3CB-38EE222CA023}
	EndGlobalSection
EndGlobal
