<?xml version="1.0" encoding="utf-8"?>
<Project ToolsVersion="4.0" xmlns="http://schemas.microsoft.com/developer/msbuild/2003">
  <ItemGroup>
    <Filter Include="Source Files">
      <UniqueIdentifier>{4FC737F1-C7A5-4376-A066-2A32D752A2FF}</UniqueIdentifier>
      <Extensions>cpp;c;cc;cxx;def;odl;idl;hpj;bat;asm;asmx</Extensions>
    </Filter>
    <Filter Include="Source Files\Reports">
      <UniqueIdentifier>{3332ba05-ae98-4c99-a3a1-3f260df51e2c}</UniqueIdentifier>
    </Filter>
    <Filter Include="Header Files">
      <UniqueIdentifier>{93995380-89BD-4b04-88EB-625FBE52EBFB}</UniqueIdentifier>
      <Extensions>h;hpp;hxx;hm;inl;inc;xsd</Extensions>
    </Filter>
    <Filter Include="Header Files\Reports">
      <UniqueIdentifier>{3ccc874d-dd5d-4620-99bd-4041aa14fae4}</UniqueIdentifier>
    </Filter>
    <Filter Include="Header Files\API">
      <UniqueIdentifier>{554ec00f-31c1-47ab-837e-7bd310bdbd5e}</UniqueIdentifier>
    </Filter>
    <Filter Include="Resource Files">
      <UniqueIdentifier>{67DA6AB6-F800-4c08-8B7A-83BB121AAD01}</UniqueIdentifier>
      <Extensions>rc;ico;cur;bmp;dlg;rc2;rct;bin;rgs;gif;jpg;jpeg;jpe;resx;tiff;tif;png;wav</Extensions>
    </Filter>
    <Filter Include="Resource Files\Templates">
      <UniqueIdentifier>{e1f5ff3f-2b8b-490d-9d0b-9b51dc2556c5}</UniqueIdentifier>
    </Filter>
    <Filter Include="Source Files\Tools">
      <UniqueIdentifier>{4dec9935-10d6-4670-b14e-ed8220ebd57c}</UniqueIdentifier>
    </Filter>
    <Filter Include="Header Files\Tools">
      <UniqueIdentifier>{5872d984-6fce-43d8-9621-afc83d8146fe}</UniqueIdentifier>
    </Filter>
  </ItemGroup>
  <ItemGroup>
    <ClCompile Include="stdafx.cpp">
      <Filter>Source Files</Filter>
    </ClCompile>
    <ClCompile Include="Trades.Standard.Reports.cpp">
      <Filter>Source Files</Filter>
    </ClCompile>
    <ClCompile Include="Reports\Agents.cpp">
      <Filter>Source Files\Reports</Filter>
    </ClCompile>
    <ClCompile Include="Reports\CreditFacility.cpp">
      <Filter>Source Files\Reports</Filter>
    </ClCompile>
    <ClCompile Include="Reports\Daily.cpp">
      <Filter>Source Files\Reports</Filter>
    </ClCompile>
    <ClCompile Include="Reports\DailyDetailed.cpp">
      <Filter>Source Files\Reports</Filter>
    </ClCompile>
    <ClCompile Include="Reports\DepositWithdrawal.cpp">
      <Filter>Source Files\Reports</Filter>
    </ClCompile>
    <ClCompile Include="Reports\Equity.cpp">
      <Filter>Source Files\Reports</Filter>
    </ClCompile>
    <ClCompile Include="Reports\MarginCall.cpp">
      <Filter>Source Files\Reports</Filter>
    </ClCompile>
    <ClCompile Include="Reports\OrdersHistory.cpp">
      <Filter>Source Files\Reports</Filter>
    </ClCompile>
    <ClCompile Include="Reports\Segregated.cpp">
      <Filter>Source Files\Reports</Filter>
    </ClCompile>
    <ClCompile Include="Reports\Summary.cpp">
      <Filter>Source Files\Reports</Filter>
    </ClCompile>
    <ClCompile Include="Reports\ExecutionType.cpp">
      <Filter>Source Files\Reports</Filter>
    </ClCompile>
    <ClCompile Include="Reports\TradeAccounts.cpp">
      <Filter>Source Files\Reports</Filter>
    </ClCompile>
    <ClCompile Include="Reports\TradeModification.cpp">
      <Filter>Source Files\Reports</Filter>
    </ClCompile>
    <ClCompile Include="Reports\AgentsDetailed.cpp">
      <Filter>Source Files\Reports</Filter>
    </ClCompile>
    <ClCompile Include="Reports\StopOutCompensation.cpp">
      <Filter>Source Files\Reports</Filter>
    </ClCompile>
    <ClCompile Include="Tools\ReportColumn.cpp">
      <Filter>Source Files\Tools</Filter>
    </ClCompile>
    <ClCompile Include="Tools\LoggerCache.cpp">
      <Filter>Source Files\Tools</Filter>
    </ClCompile>
    <ClCompile Include="Tools\DatasetField.cpp">
      <Filter>Source Files\Tools</Filter>
    </ClCompile>
    <ClCompile Include="Tools\GroupCache.cpp">
      <Filter>Source Files\Tools</Filter>
    </ClCompile>
    <ClCompile Include="Reports\DealsHistory.cpp">
      <Filter>Source Files\Reports</Filter>
    </ClCompile>
    <ClCompile Include="Reports\PositionsHistory.cpp">
      <Filter>Source Files\Reports</Filter>
    </ClCompile>
    <ClCompile Include="Tools\ReportGroup.cpp">
      <Filter>Source Files\Tools</Filter>
    </ClCompile>
    <ClCompile Include="Tools\TradeReport.cpp">
      <Filter>Source Files\Tools</Filter>
    </ClCompile>
    <ClCompile Include="Tools\BaseSelect.cpp">
      <Filter>Source Files\Tools</Filter>
    </ClCompile>
    <ClCompile Include="Tools\HistorySelect.cpp">
      <Filter>Source Files\Tools</Filter>
    </ClCompile>
    <ClCompile Include="Tools\ReportSelect.cpp">
      <Filter>Source Files\Tools</Filter>
    </ClCompile>
    <ClCompile Include="Reports\FastProfitDeals.cpp">
      <Filter>Source Files\Reports</Filter>
    </ClCompile>
    <ClCompile Include="Tools\RequestParameter.cpp">
      <Filter>Source Files\Tools</Filter>
    </ClCompile>
  </ItemGroup>
  <ItemGroup>
    <ClInclude Include="resource.h">
      <Filter>Header Files</Filter>
    </ClInclude>
    <ClInclude Include="stdafx.h">
      <Filter>Header Files</Filter>
    </ClInclude>
    <ClInclude Include="Reports\Agents.h">
      <Filter>Header Files\Reports</Filter>
    </ClInclude>
    <ClInclude Include="Reports\CreditFacility.h">
      <Filter>Header Files\Reports</Filter>
    </ClInclude>
    <ClInclude Include="Reports\Daily.h">
      <Filter>Header Files\Reports</Filter>
    </ClInclude>
    <ClInclude Include="Reports\DailyDetailed.h">
      <Filter>Header Files\Reports</Filter>
    </ClInclude>
    <ClInclude Include="Reports\DealsHistory.h">
      <Filter>Header Files\Reports</Filter>
    </ClInclude>
    <ClInclude Include="Reports\DepositWithdrawal.h">
      <Filter>Header Files\Reports</Filter>
    </ClInclude>
    <ClInclude Include="Reports\Equity.h">
      <Filter>Header Files\Reports</Filter>
    </ClInclude>
    <ClInclude Include="Reports\MarginCall.h">
      <Filter>Header Files\Reports</Filter>
    </ClInclude>
    <ClInclude Include="Reports\OrdersHistory.h">
      <Filter>Header Files\Reports</Filter>
    </ClInclude>
    <ClInclude Include="Reports\Segregated.h">
      <Filter>Header Files\Reports</Filter>
    </ClInclude>
    <ClInclude Include="Reports\Summary.h">
      <Filter>Header Files\Reports</Filter>
    </ClInclude>
    <ClInclude Include="..\..\API\MT5APIReport.h">
      <Filter>Header Files\API</Filter>
    </ClInclude>
    <ClInclude Include="Reports\ExecutionType.h">
      <Filter>Header Files\Reports</Filter>
    </ClInclude>
    <ClInclude Include="Reports\TradeAccounts.h">
      <Filter>Header Files\Reports</Filter>
    </ClInclude>
    <ClInclude Include="Reports\TradeModification.h">
      <Filter>Header Files\Reports</Filter>
    </ClInclude>
    <ClInclude Include="Reports\AgentsDetailed.h">
      <Filter>Header Files\Reports</Filter>
    </ClInclude>
    <ClInclude Include="Reports\StopOutCompensation.h">
      <Filter>Header Files\Reports</Filter>
    </ClInclude>
    <ClInclude Include="Tools\ReportColumn.h">
      <Filter>Header Files\Tools</Filter>
    </ClInclude>
    <ClInclude Include="Tools\LoggerCache.h">
      <Filter>Header Files\Tools</Filter>
    </ClInclude>
    <ClInclude Include="Tools\ReportFactory.h">
      <Filter>Header Files\Tools</Filter>
    </ClInclude>
    <ClInclude Include="Tools\DatasetField.h">
      <Filter>Header Files\Tools</Filter>
    </ClInclude>
    <ClInclude Include="Tools\ReportTimer.h">
      <Filter>Header Files\Tools</Filter>
    </ClInclude>
    <ClInclude Include="Tools\GroupCache.h">
      <Filter>Header Files\Tools</Filter>
    </ClInclude>
    <ClInclude Include="Tools\ReportLog.h">
      <Filter>Header Files\Tools</Filter>
    </ClInclude>
    <ClInclude Include="Reports\PositionsHistory.h">
      <Filter>Header Files\Reports</Filter>
    </ClInclude>
    <ClInclude Include="Tools\ReportGroup.h">
      <Filter>Header Files\Tools</Filter>
    </ClInclude>
    <ClInclude Include="Tools\TradeReport.h">
      <Filter>Header Files\Tools</Filter>
    </ClInclude>
    <ClInclude Include="Tools\BaseSelect.h">
      <Filter>Header Files\Tools</Filter>
    </ClInclude>
    <ClInclude Include="Tools\HistorySelect.h">
      <Filter>Header Files\Tools</Filter>
    </ClInclude>
    <ClInclude Include="Tools\ReportSelect.h">
      <Filter>Header Files\Tools</Filter>
    </ClInclude>
    <ClInclude Include="Reports\FastProfitDeals.h">
      <Filter>Header Files\Reports</Filter>
    </ClInclude>
    <ClInclude Include="Tools\RequestParameter.h">
      <Filter>Header Files\Tools</Filter>
    </ClInclude>
  </ItemGroup>
  <ItemGroup>
    <ResourceCompile Include="Trades.Standard.Reports.rc">
      <Filter>Resource Files</Filter>
    </ResourceCompile>
  </ItemGroup>
  <ItemGroup>
    <None Include="res\DailyDetailed.htm">
      <Filter>Resource Files\Templates</Filter>
    </None>
    <None Include="res\DailyDetailedError.htm">
      <Filter>Resource Files\Templates</Filter>
    </None>
    <None Include="res\ExecutionType.htm">
      <Filter>Resource Files\Templates</Filter>
    </None>
    <None Include="res\TradeModifications.html">
      <Filter>Resource Files\Templates</Filter>
    </None>
    <None Include="res\AgentsDetailed.htm">
      <Filter>Resource Files\Templates</Filter>
    </None>
  </ItemGroup>
</Project>