<?xml version="1.0" encoding="utf-8"?>
<Project ToolsVersion="4.0" xmlns="http://schemas.microsoft.com/developer/msbuild/2003">
  <ItemGroup>
    <Filter Include="Source Files">
      <UniqueIdentifier>{4FC737F1-C7A5-4376-A066-2A32D752A2FF}</UniqueIdentifier>
      <Extensions>cpp;c;cc;cxx;def;odl;idl;hpj;bat;asm;asmx</Extensions>
    </Filter>
    <Filter Include="Source Files\Reports">
      <UniqueIdentifier>{89d25765-dffc-4927-8176-5537d601a367}</UniqueIdentifier>
    </Filter>
    <Filter Include="Header Files">
      <UniqueIdentifier>{93995380-89BD-4b04-88EB-625FBE52EBFB}</UniqueIdentifier>
      <Extensions>h;hpp;hxx;hm;inl;inc;xsd</Extensions>
    </Filter>
    <Filter Include="Header Files\Reports">
      <UniqueIdentifier>{b172e92e-68fb-47d5-bdf6-20ae37c4db64}</UniqueIdentifier>
    </Filter>
    <Filter Include="Header Files\API">
      <UniqueIdentifier>{bb7f8462-9011-4ead-ba2e-20f298b07b3d}</UniqueIdentifier>
    </Filter>
    <Filter Include="Resource Files">
      <UniqueIdentifier>{67DA6AB6-F800-4c08-8B7A-83BB121AAD01}</UniqueIdentifier>
      <Extensions>rc;ico;cur;bmp;dlg;rc2;rct;bin;rgs;gif;jpg;jpeg;jpe;resx;tiff;tif;png;wav</Extensions>
    </Filter>
    <Filter Include="Resource Files\Templates">
      <UniqueIdentifier>{0634c77d-d1fa-4d09-b5e1-74f6a2dbcc22}</UniqueIdentifier>
    </Filter>
    <Filter Include="Header Files\Tools">
      <UniqueIdentifier>{1dec0292-8e32-4f93-921d-dd610ee2ea91}</UniqueIdentifier>
    </Filter>
    <Filter Include="Source Files\Tools">
      <UniqueIdentifier>{2c6b981e-6691-47bf-a857-3f96b07db38c}</UniqueIdentifier>
    </Filter>
  </ItemGroup>
  <ItemGroup>
    <ClCompile Include="Accounts.Standard.Reports.cpp">
      <Filter>Source Files</Filter>
    </ClCompile>
    <ClCompile Include="stdafx.cpp">
      <Filter>Source Files</Filter>
    </ClCompile>
    <ClCompile Include="Reports\AccountsGroups.cpp">
      <Filter>Source Files\Reports</Filter>
    </ClCompile>
    <ClCompile Include="Reports\AccountsGrowth.cpp">
      <Filter>Source Files\Reports</Filter>
    </ClCompile>
    <ClCompile Include="Tools\DatasetField.cpp">
      <Filter>Source Files\Tools</Filter>
    </ClCompile>
    <ClCompile Include="Tools\ReportBase.cpp">
      <Filter>Source Files\Tools</Filter>
    </ClCompile>
    <ClCompile Include="Tools\UserSelect.cpp">
      <Filter>Source Files\Tools</Filter>
    </ClCompile>
    <ClCompile Include="Tools\ReportColumn.cpp">
      <Filter>Source Files\Tools</Filter>
    </ClCompile>
    <ClCompile Include="Reports\AccountsLifetime.cpp">
      <Filter>Source Files\Reports</Filter>
    </ClCompile>
  </ItemGroup>
  <ItemGroup>
    <ClInclude Include="resource.h">
      <Filter>Header Files</Filter>
    </ClInclude>
    <ClInclude Include="stdafx.h">
      <Filter>Header Files</Filter>
    </ClInclude>
    <ClInclude Include="Reports\AccountsGroups.h">
      <Filter>Header Files\Reports</Filter>
    </ClInclude>
    <ClInclude Include="Reports\AccountsGrowth.h">
      <Filter>Header Files\Reports</Filter>
    </ClInclude>
    <ClInclude Include="..\..\API\MT5APIReport.h">
      <Filter>Header Files\API</Filter>
    </ClInclude>
    <ClInclude Include="Tools\ReportError.h">
      <Filter>Header Files\Tools</Filter>
    </ClInclude>
    <ClInclude Include="Tools\DatasetField.h">
      <Filter>Header Files\Tools</Filter>
    </ClInclude>
    <ClInclude Include="Tools\ReportFactory.h">
      <Filter>Header Files\Tools</Filter>
    </ClInclude>
    <ClInclude Include="Tools\ReportLog.h">
      <Filter>Header Files\Tools</Filter>
    </ClInclude>
    <ClInclude Include="Tools\ReportBase.h">
      <Filter>Header Files\Tools</Filter>
    </ClInclude>
    <ClInclude Include="Tools\UserSelect.h">
      <Filter>Header Files\Tools</Filter>
    </ClInclude>
    <ClInclude Include="Tools\ReportColumn.h">
      <Filter>Header Files\Tools</Filter>
    </ClInclude>
    <ClInclude Include="Reports\AccountsLifetime.h">
      <Filter>Header Files\Reports</Filter>
    </ClInclude>
  </ItemGroup>
  <ItemGroup>
    <ResourceCompile Include="Accounts.Standard.Reports.rc">
      <Filter>Resource Files</Filter>
    </ResourceCompile>
  </ItemGroup>
  <ItemGroup>
    <None Include="res\Accounts.Groups.html">
      <Filter>Resource Files\Templates</Filter>
    </None>
    <None Include="res\Accounts.Growth.html">
      <Filter>Resource Files\Templates</Filter>
    </None>
  </ItemGroup>
</Project>