
Microsoft Visual Studio Solution File, Format Version 12.00
# Visual Studio Version 17
VisualStudioVersion = 17.3.32929.385
MinimumVisualStudioVersion = 10.0.40219.1
Project("{8BC9CEB8-8B4A-11D0-8D11-00A0C91BC942}") = "UniFeeder", "UniFeeder.vcxproj", "{CD1C6CDD-F6DA-4734-991B-DAD0C58BD2CC}"
EndProject
Global
	GlobalSection(SolutionConfigurationPlatforms) = preSolution
		AVX|ARM64 = AVX|ARM64
		AVX|x64 = AVX|x64
		AVX2|ARM64 = AVX2|ARM64
		AVX2|x64 = AVX2|x64
		Debug|ARM64 = Debug|ARM64
		Debug|x64 = Debug|x64
		Release|ARM64 = Release|ARM64
		Release|x64 = Release|x64
	EndGlobalSection
	GlobalSection(ProjectConfigurationPlatforms) = postSolution
		{CD1C6CDD-F6DA-4734-991B-DAD0C58BD2CC}.AVX|ARM64.ActiveCfg = AVX|ARM64
		{CD1C6CDD-F6DA-4734-991B-DAD0C58BD2CC}.AVX|ARM64.Build.0 = AVX|ARM64
		{CD1C6CDD-F6DA-4734-991B-DAD0C58BD2CC}.AVX|x64.ActiveCfg = AVX|ARM64
		{CD1C6CDD-F6DA-4734-991B-DAD0C58BD2CC}.AVX|x64.Build.0 = AVX|ARM64
		{CD1C6CDD-F6DA-4734-991B-DAD0C58BD2CC}.AVX2|ARM64.ActiveCfg = AVX2|ARM64
		{CD1C6CDD-F6DA-4734-991B-DAD0C58BD2CC}.AVX2|ARM64.Build.0 = AVX2|ARM64
		{CD1C6CDD-F6DA-4734-991B-DAD0C58BD2CC}.AVX2|x64.ActiveCfg = AVX2|x64
		{CD1C6CDD-F6DA-4734-991B-DAD0C58BD2CC}.AVX2|x64.Build.0 = AVX2|x64
		{CD1C6CDD-F6DA-4734-991B-DAD0C58BD2CC}.Debug|ARM64.ActiveCfg = Debug|ARM64
		{CD1C6CDD-F6DA-4734-991B-DAD0C58BD2CC}.Debug|ARM64.Build.0 = Debug|ARM64
		{CD1C6CDD-F6DA-4734-991B-DAD0C58BD2CC}.Debug|x64.ActiveCfg = Debug|x64
		{CD1C6CDD-F6DA-4734-991B-DAD0C58BD2CC}.Debug|x64.Build.0 = Debug|x64
		{CD1C6CDD-F6DA-4734-991B-DAD0C58BD2CC}.Release|ARM64.ActiveCfg = Release|ARM64
		{CD1C6CDD-F6DA-4734-991B-DAD0C58BD2CC}.Release|ARM64.Build.0 = Release|ARM64
		{CD1C6CDD-F6DA-4734-991B-DAD0C58BD2CC}.Release|x64.ActiveCfg = Release|x64
		{CD1C6CDD-F6DA-4734-991B-DAD0C58BD2CC}.Release|x64.Build.0 = Release|x64
	EndGlobalSection
	GlobalSection(SolutionProperties) = preSolution
		HideSolutionNode = FALSE
	EndGlobalSection
	GlobalSection(ExtensibilityGlobals) = postSolution
		SolutionGuid = {5FC0BFD8-EB9C-4531-8A86-9EFB62E16493}
	EndGlobalSection
EndGlobal
