
Microsoft Visual Studio Solution File, Format Version 12.00
# Visual Studio Version 17
VisualStudioVersion = 17.3.32929.385
MinimumVisualStudioVersion = 10.0.40219.1
Project("{8BC9CEB8-8B4A-11D0-8D11-00A0C91BC942}") = "SampleExchange", "SampleExchange.vcxproj", "{4EBA6A7B-02F3-466C-BECD-2E872B512218}"
EndProject
Global
	GlobalSection(SolutionConfigurationPlatforms) = preSolution
		AVX|ARM64 = AVX|ARM64
		AVX|x64 = AVX|x64
		AVX2|ARM64 = AVX2|ARM64
		AVX2|x64 = AVX2|x64
		Debug|ARM64 = Debug|ARM64
		Debug|x64 = Debug|x64
		Release|ARM64 = Release|ARM64
		Release|x64 = Release|x64
	EndGlobalSection
	GlobalSection(ProjectConfigurationPlatforms) = postSolution
		{4EBA6A7B-02F3-466C-BECD-2E872B512218}.AVX|ARM64.ActiveCfg = AVX|ARM64
		{4EBA6A7B-02F3-466C-BECD-2E872B512218}.AVX|ARM64.Build.0 = AVX|ARM64
		{4EBA6A7B-02F3-466C-BECD-2E872B512218}.AVX|x64.ActiveCfg = AVX|ARM64
		{4EBA6A7B-02F3-466C-BECD-2E872B512218}.AVX|x64.Build.0 = AVX|ARM64
		{4EBA6A7B-02F3-466C-BECD-2E872B512218}.AVX2|ARM64.ActiveCfg = AVX2|ARM64
		{4EBA6A7B-02F3-466C-BECD-2E872B512218}.AVX2|ARM64.Build.0 = AVX2|ARM64
		{4EBA6A7B-02F3-466C-BECD-2E872B512218}.AVX2|x64.ActiveCfg = AVX2|x64
		{4EBA6A7B-02F3-466C-BECD-2E872B512218}.AVX2|x64.Build.0 = AVX2|x64
		{4EBA6A7B-02F3-466C-BECD-2E872B512218}.Debug|ARM64.ActiveCfg = Debug|ARM64
		{4EBA6A7B-02F3-466C-BECD-2E872B512218}.Debug|ARM64.Build.0 = Debug|ARM64
		{4EBA6A7B-02F3-466C-BECD-2E872B512218}.Debug|x64.ActiveCfg = Debug|x64
		{4EBA6A7B-02F3-466C-BECD-2E872B512218}.Debug|x64.Build.0 = Debug|x64
		{4EBA6A7B-02F3-466C-BECD-2E872B512218}.Release|ARM64.ActiveCfg = Release|ARM64
		{4EBA6A7B-02F3-466C-BECD-2E872B512218}.Release|ARM64.Build.0 = Release|ARM64
		{4EBA6A7B-02F3-466C-BECD-2E872B512218}.Release|x64.ActiveCfg = Release|x64
		{4EBA6A7B-02F3-466C-BECD-2E872B512218}.Release|x64.Build.0 = Release|x64
	EndGlobalSection
	GlobalSection(SolutionProperties) = preSolution
		HideSolutionNode = FALSE
	EndGlobalSection
	GlobalSection(ExtensibilityGlobals) = postSolution
		SolutionGuid = {599619FF-3EDF-40E5-9813-47540EB64861}
	EndGlobalSection
	GlobalSection(SubversionScc) = preSolution
		Svn-Managed = True
		Manager = AnkhSVN - Subversion Support for Visual Studio
	EndGlobalSection
EndGlobal
